// !$*UTF8*$!
{
	archiveVersion = 1;
	classes = {
	};
	objectVersion = 56;
	objects = {

/* Begin PBXBuildFile section */
		024F7AB22A59A8F600E4943B /* CardViewModel.swift in Sources */ = {isa = PBXBuildFile; fileRef = 024F7AB12A59A8F600E4943B /* CardViewModel.swift */; };
		024F7AB42A59A97500E4943B /* TeasingTabView.swift in Sources */ = {isa = PBXBuildFile; fileRef = 024F7AB32A59A97500E4943B /* TeasingTabView.swift */; };
		024F7AB62A59A9B400E4943B /* HomeBackgroundView.swift in Sources */ = {isa = PBXBuildFile; fileRef = 024F7AB52A59A9B400E4943B /* HomeBackgroundView.swift */; };
		024F7AB82A59C1B500E4943B /* RecommendCardViewCell.swift in Sources */ = {isa = PBXBuildFile; fileRef = 024F7AB72A59C1B500E4943B /* RecommendCardViewCell.swift */; };
		024F7ABA2A59CE6B00E4943B /* View+Extensions.swift in Sources */ = {isa = PBXBuildFile; fileRef = 024F7AB92A59CE6B00E4943B /* View+Extensions.swift */; };
		024F7ABC2A59E4F000E4943B /* MainRecommendView.swift in Sources */ = {isa = PBXBuildFile; fileRef = 024F7ABB2A59E4F000E4943B /* MainRecommendView.swift */; };
		027918AA2A49A169002763B7 /* GifImage.swift in Sources */ = {isa = PBXBuildFile; fileRef = 027918A92A49A169002763B7 /* GifImage.swift */; };
		027918AC2A49A48E002763B7 /* jelly_gif.gif in Resources */ = {isa = PBXBuildFile; fileRef = 027918AB2A49A48E002763B7 /* jelly_gif.gif */; };
		027918AE2A49B235002763B7 /* JellyGifImageView.swift in Sources */ = {isa = PBXBuildFile; fileRef = 027918AD2A49B235002763B7 /* JellyGifImageView.swift */; };
		029A34BE2A1F49E600088963 /* Keyneez_iOS_ReleaseApp.swift in Sources */ = {isa = PBXBuildFile; fileRef = 029A34BD2A1F49E600088963 /* Keyneez_iOS_ReleaseApp.swift */; };
		029A34C22A1F49E700088963 /* Assets.xcassets in Resources */ = {isa = PBXBuildFile; fileRef = 029A34C12A1F49E700088963 /* Assets.xcassets */; };
		029A34C52A1F49E700088963 /* Preview Assets.xcassets in Resources */ = {isa = PBXBuildFile; fileRef = 029A34C42A1F49E700088963 /* Preview Assets.xcassets */; };
		029A34E12A1F56DD00088963 /* HomeView.swift in Sources */ = {isa = PBXBuildFile; fileRef = 029A34E02A1F56DD00088963 /* HomeView.swift */; };
		02B70E432A35E020009E220B /* Pretendard-SemiBold.otf in Resources */ = {isa = PBXBuildFile; fileRef = 02B70E402A35E020009E220B /* Pretendard-SemiBold.otf */; };
		02B70E442A35E020009E220B /* Pretendard-Bold.otf in Resources */ = {isa = PBXBuildFile; fileRef = 02B70E412A35E020009E220B /* Pretendard-Bold.otf */; };
		02B70E452A35E020009E220B /* Pretendard-Medium.otf in Resources */ = {isa = PBXBuildFile; fileRef = 02B70E422A35E020009E220B /* Pretendard-Medium.otf */; };
		02B70E472A35E02B009E220B /* Pretendard-Regular.otf in Resources */ = {isa = PBXBuildFile; fileRef = 02B70E462A35E02B009E220B /* Pretendard-Regular.otf */; };
		02B70E4B2A35EA6B009E220B /* Font+Extension.swift in Sources */ = {isa = PBXBuildFile; fileRef = 02B70E4A2A35EA6B009E220B /* Font+Extension.swift */; };
		02B70E4D2A35F169009E220B /* Color+Extension.swift in Sources */ = {isa = PBXBuildFile; fileRef = 02B70E4C2A35F169009E220B /* Color+Extension.swift */; };
		02C1FA0F2A570EE6009E9D41 /* TagViewModifier.swift in Sources */ = {isa = PBXBuildFile; fileRef = 02C1FA0E2A570EE6009E9D41 /* TagViewModifier.swift */; };
		02C1FA112A570F25009E9D41 /* HomeCardViewCell.swift in Sources */ = {isa = PBXBuildFile; fileRef = 02C1FA102A570F25009E9D41 /* HomeCardViewCell.swift */; };
		02FA293A2A489BF5008359EF /* TabBarView.swift in Sources */ = {isa = PBXBuildFile; fileRef = 02FA29392A489BF5008359EF /* TabBarView.swift */; };
		02FA293E2A489ED3008359EF /* LikeView.swift in Sources */ = {isa = PBXBuildFile; fileRef = 02FA293D2A489ED3008359EF /* LikeView.swift */; };
		02FA29412A489F15008359EF /* ExploreView.swift in Sources */ = {isa = PBXBuildFile; fileRef = 02FA29402A489F15008359EF /* ExploreView.swift */; };
		B83002242A2B3B5C009D48B6 /* SettingView.swift in Sources */ = {isa = PBXBuildFile; fileRef = B83002232A2B3B5C009D48B6 /* SettingView.swift */; };
		B87998382A5A9A5200167597 /* DetailTagView.swift in Sources */ = {isa = PBXBuildFile; fileRef = B87998372A5A9A5200167597 /* DetailTagView.swift */; };
		B879983B2A5AB27400167597 /* DetailViewModel.swift in Sources */ = {isa = PBXBuildFile; fileRef = B879983A2A5AB27400167597 /* DetailViewModel.swift */; };
		B879983E2A5AB62600167597 /* DetailTagState.swift in Sources */ = {isa = PBXBuildFile; fileRef = B879983D2A5AB62600167597 /* DetailTagState.swift */; };
		B87998422A5AB67900167597 /* SettingPopUpState.swift in Sources */ = {isa = PBXBuildFile; fileRef = B87998412A5AB67900167597 /* SettingPopUpState.swift */; };
		B87998442A5AB69B00167597 /* TermsViewState.swift in Sources */ = {isa = PBXBuildFile; fileRef = B87998432A5AB69B00167597 /* TermsViewState.swift */; };
		B8B5069F2A5EC4F600B3EAED /* DetailAPI.swift in Sources */ = {isa = PBXBuildFile; fileRef = B8B5069E2A5EC4F600B3EAED /* DetailAPI.swift */; };
		B8B506A22A5EC55F00B3EAED /* Moya in Frameworks */ = {isa = PBXBuildFile; productRef = B8B506A12A5EC55F00B3EAED /* Moya */; };
		B8B506A42A5ECD9600B3EAED /* MoyaProvider+Test.swift in Sources */ = {isa = PBXBuildFile; fileRef = B8B506A32A5ECD9600B3EAED /* MoyaProvider+Test.swift */; };
		B8B506A62A5ED19100B3EAED /* DetailContentResponseDTO.swift in Sources */ = {isa = PBXBuildFile; fileRef = B8B506A52A5ED19100B3EAED /* DetailContentResponseDTO.swift */; };
		B8BE61B12A52E05B00B4A989 /* ButtonComponent.swift in Sources */ = {isa = PBXBuildFile; fileRef = B8BE61B02A52E05B00B4A989 /* ButtonComponent.swift */; };
		B8D2A07C2A42A23D00653B4C /* SettingPopUpView.swift in Sources */ = {isa = PBXBuildFile; fileRef = B8D2A07B2A42A23D00653B4C /* SettingPopUpView.swift */; };
		B8D2A0812A42C5F400653B4C /* SettingViewModel.swift in Sources */ = {isa = PBXBuildFile; fileRef = B8D2A0802A42C5F400653B4C /* SettingViewModel.swift */; };
		B8D2A0832A44746800653B4C /* TermsView.swift in Sources */ = {isa = PBXBuildFile; fileRef = B8D2A0822A44746800653B4C /* TermsView.swift */; };
		B8D2A0852A4478E300653B4C /* Navigation+Extensions.swift in Sources */ = {isa = PBXBuildFile; fileRef = B8D2A0842A4478E300653B4C /* Navigation+Extensions.swift */; };
		B8F5747C2A5EF3600028A46A /* DetailView.swift in Sources */ = {isa = PBXBuildFile; fileRef = B8F5747B2A5EF3600028A46A /* DetailView.swift */; };
/* End PBXBuildFile section */

/* Begin PBXFileReference section */
		024F7AB12A59A8F600E4943B /* CardViewModel.swift */ = {isa = PBXFileReference; lastKnownFileType = sourcecode.swift; path = CardViewModel.swift; sourceTree = "<group>"; };
		024F7AB32A59A97500E4943B /* TeasingTabView.swift */ = {isa = PBXFileReference; lastKnownFileType = sourcecode.swift; path = TeasingTabView.swift; sourceTree = "<group>"; };
		024F7AB52A59A9B400E4943B /* HomeBackgroundView.swift */ = {isa = PBXFileReference; lastKnownFileType = sourcecode.swift; path = HomeBackgroundView.swift; sourceTree = "<group>"; };
		024F7AB72A59C1B500E4943B /* RecommendCardViewCell.swift */ = {isa = PBXFileReference; lastKnownFileType = sourcecode.swift; path = RecommendCardViewCell.swift; sourceTree = "<group>"; };
		024F7AB92A59CE6B00E4943B /* View+Extensions.swift */ = {isa = PBXFileReference; lastKnownFileType = sourcecode.swift; path = "View+Extensions.swift"; sourceTree = "<group>"; };
		024F7ABB2A59E4F000E4943B /* MainRecommendView.swift */ = {isa = PBXFileReference; lastKnownFileType = sourcecode.swift; path = MainRecommendView.swift; sourceTree = "<group>"; };
		027918A92A49A169002763B7 /* GifImage.swift */ = {isa = PBXFileReference; lastKnownFileType = sourcecode.swift; path = GifImage.swift; sourceTree = "<group>"; };
		027918AB2A49A48E002763B7 /* jelly_gif.gif */ = {isa = PBXFileReference; lastKnownFileType = image.gif; name = jelly_gif.gif; path = "Keyneez-iOS-Release/Resource/jelly_gif.gif"; sourceTree = SOURCE_ROOT; };
		027918AD2A49B235002763B7 /* JellyGifImageView.swift */ = {isa = PBXFileReference; lastKnownFileType = sourcecode.swift; path = JellyGifImageView.swift; sourceTree = "<group>"; };
		029A34BA2A1F49E600088963 /* Keyneez-iOS-Release.app */ = {isa = PBXFileReference; explicitFileType = wrapper.application; includeInIndex = 0; path = "Keyneez-iOS-Release.app"; sourceTree = BUILT_PRODUCTS_DIR; };
		029A34BD2A1F49E600088963 /* Keyneez_iOS_ReleaseApp.swift */ = {isa = PBXFileReference; lastKnownFileType = sourcecode.swift; path = Keyneez_iOS_ReleaseApp.swift; sourceTree = "<group>"; };
		029A34C12A1F49E700088963 /* Assets.xcassets */ = {isa = PBXFileReference; lastKnownFileType = folder.assetcatalog; path = Assets.xcassets; sourceTree = "<group>"; };
		029A34C42A1F49E700088963 /* Preview Assets.xcassets */ = {isa = PBXFileReference; lastKnownFileType = folder.assetcatalog; path = "Preview Assets.xcassets"; sourceTree = "<group>"; };
		029A34E02A1F56DD00088963 /* HomeView.swift */ = {isa = PBXFileReference; lastKnownFileType = sourcecode.swift; path = HomeView.swift; sourceTree = "<group>"; };
		02B70E402A35E020009E220B /* Pretendard-SemiBold.otf */ = {isa = PBXFileReference; lastKnownFileType = file; path = "Pretendard-SemiBold.otf"; sourceTree = "<group>"; };
		02B70E412A35E020009E220B /* Pretendard-Bold.otf */ = {isa = PBXFileReference; lastKnownFileType = file; path = "Pretendard-Bold.otf"; sourceTree = "<group>"; };
		02B70E422A35E020009E220B /* Pretendard-Medium.otf */ = {isa = PBXFileReference; lastKnownFileType = file; path = "Pretendard-Medium.otf"; sourceTree = "<group>"; };
		02B70E462A35E02B009E220B /* Pretendard-Regular.otf */ = {isa = PBXFileReference; lastKnownFileType = file; path = "Pretendard-Regular.otf"; sourceTree = "<group>"; };
		02B70E492A35E6D8009E220B /* Info.plist */ = {isa = PBXFileReference; lastKnownFileType = text.plist; path = Info.plist; sourceTree = "<group>"; };
		02B70E4A2A35EA6B009E220B /* Font+Extension.swift */ = {isa = PBXFileReference; lastKnownFileType = sourcecode.swift; path = "Font+Extension.swift"; sourceTree = "<group>"; };
		02B70E4C2A35F169009E220B /* Color+Extension.swift */ = {isa = PBXFileReference; lastKnownFileType = sourcecode.swift; path = "Color+Extension.swift"; sourceTree = "<group>"; };
		02C1FA0E2A570EE6009E9D41 /* TagViewModifier.swift */ = {isa = PBXFileReference; lastKnownFileType = sourcecode.swift; path = TagViewModifier.swift; sourceTree = "<group>"; };
		02C1FA102A570F25009E9D41 /* HomeCardViewCell.swift */ = {isa = PBXFileReference; lastKnownFileType = sourcecode.swift; path = HomeCardViewCell.swift; sourceTree = "<group>"; };
		02FA29392A489BF5008359EF /* TabBarView.swift */ = {isa = PBXFileReference; lastKnownFileType = sourcecode.swift; path = TabBarView.swift; sourceTree = "<group>"; };
		02FA293D2A489ED3008359EF /* LikeView.swift */ = {isa = PBXFileReference; lastKnownFileType = sourcecode.swift; path = LikeView.swift; sourceTree = "<group>"; };
		02FA29402A489F15008359EF /* ExploreView.swift */ = {isa = PBXFileReference; lastKnownFileType = sourcecode.swift; path = ExploreView.swift; sourceTree = "<group>"; };
		B83002232A2B3B5C009D48B6 /* SettingView.swift */ = {isa = PBXFileReference; lastKnownFileType = sourcecode.swift; path = SettingView.swift; sourceTree = "<group>"; };
		B87998372A5A9A5200167597 /* DetailTagView.swift */ = {isa = PBXFileReference; lastKnownFileType = sourcecode.swift; path = DetailTagView.swift; sourceTree = "<group>"; };
		B879983A2A5AB27400167597 /* DetailViewModel.swift */ = {isa = PBXFileReference; lastKnownFileType = sourcecode.swift; path = DetailViewModel.swift; sourceTree = "<group>"; };
		B879983D2A5AB62600167597 /* DetailTagState.swift */ = {isa = PBXFileReference; lastKnownFileType = sourcecode.swift; path = DetailTagState.swift; sourceTree = "<group>"; };
		B87998412A5AB67900167597 /* SettingPopUpState.swift */ = {isa = PBXFileReference; lastKnownFileType = sourcecode.swift; path = SettingPopUpState.swift; sourceTree = "<group>"; };
		B87998432A5AB69B00167597 /* TermsViewState.swift */ = {isa = PBXFileReference; lastKnownFileType = sourcecode.swift; path = TermsViewState.swift; sourceTree = "<group>"; };
		B8B5069E2A5EC4F600B3EAED /* DetailAPI.swift */ = {isa = PBXFileReference; lastKnownFileType = sourcecode.swift; path = DetailAPI.swift; sourceTree = "<group>"; };
		B8B506A32A5ECD9600B3EAED /* MoyaProvider+Test.swift */ = {isa = PBXFileReference; lastKnownFileType = sourcecode.swift; path = "MoyaProvider+Test.swift"; sourceTree = "<group>"; };
		B8B506A52A5ED19100B3EAED /* DetailContentResponseDTO.swift */ = {isa = PBXFileReference; lastKnownFileType = sourcecode.swift; path = DetailContentResponseDTO.swift; sourceTree = "<group>"; };
		B8BE61B02A52E05B00B4A989 /* ButtonComponent.swift */ = {isa = PBXFileReference; lastKnownFileType = sourcecode.swift; path = ButtonComponent.swift; sourceTree = "<group>"; };
		B8D2A07B2A42A23D00653B4C /* SettingPopUpView.swift */ = {isa = PBXFileReference; lastKnownFileType = sourcecode.swift; path = SettingPopUpView.swift; sourceTree = "<group>"; };
		B8D2A0802A42C5F400653B4C /* SettingViewModel.swift */ = {isa = PBXFileReference; lastKnownFileType = sourcecode.swift; path = SettingViewModel.swift; sourceTree = "<group>"; };
		B8D2A0822A44746800653B4C /* TermsView.swift */ = {isa = PBXFileReference; lastKnownFileType = sourcecode.swift; path = TermsView.swift; sourceTree = "<group>"; };
		B8D2A0842A4478E300653B4C /* Navigation+Extensions.swift */ = {isa = PBXFileReference; lastKnownFileType = sourcecode.swift; path = "Navigation+Extensions.swift"; sourceTree = "<group>"; };
		B8F5747B2A5EF3600028A46A /* DetailView.swift */ = {isa = PBXFileReference; lastKnownFileType = sourcecode.swift; path = DetailView.swift; sourceTree = "<group>"; };
/* End PBXFileReference section */

/* Begin PBXFrameworksBuildPhase section */
		029A34B72A1F49E600088963 /* Frameworks */ = {
			isa = PBXFrameworksBuildPhase;
			buildActionMask = 2147483647;
			files = (
				B8B506A22A5EC55F00B3EAED /* Moya in Frameworks */,
			);
			runOnlyForDeploymentPostprocessing = 0;
		};
/* End PBXFrameworksBuildPhase section */

/* Begin PBXGroup section */
		024F7AB02A59A8D000E4943B /* Card */ = {
			isa = PBXGroup;
			children = (
				024F7AB12A59A8F600E4943B /* CardViewModel.swift */,
			);
			path = Card;
			sourceTree = "<group>";
		};
		027918AF2A49E4FF002763B7 /* Card */ = {
			isa = PBXGroup;
			children = (
				02C1FA0E2A570EE6009E9D41 /* TagViewModifier.swift */,
				02C1FA102A570F25009E9D41 /* HomeCardViewCell.swift */,
				024F7AB72A59C1B500E4943B /* RecommendCardViewCell.swift */,
			);
			path = Card;
			sourceTree = "<group>";
		};
		029A34B12A1F49E600088963 = {
			isa = PBXGroup;
			children = (
				029A34BC2A1F49E600088963 /* Keyneez-iOS-Release */,
				029A34BB2A1F49E600088963 /* Products */,
			);
			sourceTree = "<group>";
		};
		029A34BB2A1F49E600088963 /* Products */ = {
			isa = PBXGroup;
			children = (
				029A34BA2A1F49E600088963 /* Keyneez-iOS-Release.app */,
			);
			name = Products;
			sourceTree = "<group>";
		};
		029A34BC2A1F49E600088963 /* Keyneez-iOS-Release */ = {
			isa = PBXGroup;
			children = (
				02B70E492A35E6D8009E220B /* Info.plist */,
				029A34DF2A1F569400088963 /* Resource */,
				029A34DE2A1F563A00088963 /* Extensions */,
				029A34DD2A1F557500088963 /* Models */,
				029A34D92A1F553E00088963 /* ViewModel */,
				029A34CD2A1F51F300088963 /* View */,
				029A34CB2A1F517C00088963 /* Application */,
				029A34C32A1F49E700088963 /* Preview Content */,
			);
			path = "Keyneez-iOS-Release";
			sourceTree = "<group>";
		};
		029A34C32A1F49E700088963 /* Preview Content */ = {
			isa = PBXGroup;
			children = (
				029A34C42A1F49E700088963 /* Preview Assets.xcassets */,
			);
			path = "Preview Content";
			sourceTree = "<group>";
		};
		029A34CB2A1F517C00088963 /* Application */ = {
			isa = PBXGroup;
			children = (
				029A34BD2A1F49E600088963 /* Keyneez_iOS_ReleaseApp.swift */,
			);
			path = Application;
			sourceTree = "<group>";
		};
		029A34CD2A1F51F300088963 /* View */ = {
			isa = PBXGroup;
			children = (
				B8F574782A5EF3330028A46A /* Detail */,
				B8BE61AF2A52E03F00B4A989 /* Component */,
				027918AF2A49E4FF002763B7 /* Card */,
				02FA293F2A489F07008359EF /* Explore */,
				02FA293B2A489EAD008359EF /* Like */,
				029A34D02A1F524E00088963 /* Setting */,
				029A34CF2A1F524700088963 /* Home */,
			);
			path = View;
			sourceTree = "<group>";
		};
		029A34CF2A1F524700088963 /* Home */ = {
			isa = PBXGroup;
			children = (
				029A34E02A1F56DD00088963 /* HomeView.swift */,
				02FA29392A489BF5008359EF /* TabBarView.swift */,
				027918A92A49A169002763B7 /* GifImage.swift */,
				027918AD2A49B235002763B7 /* JellyGifImageView.swift */,
				024F7AB32A59A97500E4943B /* TeasingTabView.swift */,
				024F7AB52A59A9B400E4943B /* HomeBackgroundView.swift */,
				024F7ABB2A59E4F000E4943B /* MainRecommendView.swift */,
			);
			path = Home;
			sourceTree = "<group>";
		};
		029A34D02A1F524E00088963 /* Setting */ = {
			isa = PBXGroup;
			children = (
				B83002232A2B3B5C009D48B6 /* SettingView.swift */,
				B8D2A07B2A42A23D00653B4C /* SettingPopUpView.swift */,
				B8D2A0822A44746800653B4C /* TermsView.swift */,
			);
			path = Setting;
			sourceTree = "<group>";
		};
		029A34D92A1F553E00088963 /* ViewModel */ = {
			isa = PBXGroup;
			children = (
				B87998392A5AB1CC00167597 /* Detail */,
				024F7AB02A59A8D000E4943B /* Card */,
				029A34DC2A1F555100088963 /* Home */,
				029A34DB2A1F554B00088963 /* Landing */,
				029A34DA2A1F554700088963 /* Setting */,
			);
			path = ViewModel;
			sourceTree = "<group>";
		};
		029A34DA2A1F554700088963 /* Setting */ = {
			isa = PBXGroup;
			children = (
				B8D2A0802A42C5F400653B4C /* SettingViewModel.swift */,
			);
			path = Setting;
			sourceTree = "<group>";
		};
		029A34DB2A1F554B00088963 /* Landing */ = {
			isa = PBXGroup;
			children = (
			);
			path = Landing;
			sourceTree = "<group>";
		};
		029A34DC2A1F555100088963 /* Home */ = {
			isa = PBXGroup;
			children = (
			);
			path = Home;
			sourceTree = "<group>";
		};
		029A34DD2A1F557500088963 /* Models */ = {
			isa = PBXGroup;
			children = (
				B87998402A5AB66B00167597 /* Setting */,
				B879983C2A5AB61800167597 /* Detail */,
			);
			path = Models;
			sourceTree = "<group>";
		};
		029A34DE2A1F563A00088963 /* Extensions */ = {
			isa = PBXGroup;
			children = (
				B8D2A0842A4478E300653B4C /* Navigation+Extensions.swift */,
				024F7AB92A59CE6B00E4943B /* View+Extensions.swift */,
				02B70E4A2A35EA6B009E220B /* Font+Extension.swift */,
				02B70E4C2A35F169009E220B /* Color+Extension.swift */,
			);
			path = Extensions;
			sourceTree = "<group>";
		};
		029A34DF2A1F569400088963 /* Resource */ = {
			isa = PBXGroup;
			children = (
				027918AB2A49A48E002763B7 /* jelly_gif.gif */,
				02B70E3F2A35DF77009E220B /* Font */,
				029A34C12A1F49E700088963 /* Assets.xcassets */,
			);
			path = Resource;
			sourceTree = "<group>";
		};
		02B70E3F2A35DF77009E220B /* Font */ = {
			isa = PBXGroup;
			children = (
				02B70E482A35E052009E220B /* Files */,
			);
			path = Font;
			sourceTree = "<group>";
		};
		02B70E482A35E052009E220B /* Files */ = {
			isa = PBXGroup;
			children = (
				02B70E462A35E02B009E220B /* Pretendard-Regular.otf */,
				02B70E412A35E020009E220B /* Pretendard-Bold.otf */,
				02B70E422A35E020009E220B /* Pretendard-Medium.otf */,
				02B70E402A35E020009E220B /* Pretendard-SemiBold.otf */,
			);
			path = Files;
			sourceTree = "<group>";
		};
		02FA293B2A489EAD008359EF /* Like */ = {
			isa = PBXGroup;
			children = (
				02FA293D2A489ED3008359EF /* LikeView.swift */,
			);
			path = Like;
			sourceTree = "<group>";
		};
		02FA293F2A489F07008359EF /* Explore */ = {
			isa = PBXGroup;
			children = (
				02FA29402A489F15008359EF /* ExploreView.swift */,
			);
			path = Explore;
			sourceTree = "<group>";
		};
		B87998392A5AB1CC00167597 /* Detail */ = {
			isa = PBXGroup;
			children = (
				B879983A2A5AB27400167597 /* DetailViewModel.swift */,
				B8B5069E2A5EC4F600B3EAED /* DetailAPI.swift */,
				B8B506A32A5ECD9600B3EAED /* MoyaProvider+Test.swift */,
			);
			path = Detail;
			sourceTree = "<group>";
		};
		B879983C2A5AB61800167597 /* Detail */ = {
			isa = PBXGroup;
			children = (
				B879983D2A5AB62600167597 /* DetailTagState.swift */,
				B8B506A52A5ED19100B3EAED /* DetailContentResponseDTO.swift */,
			);
			path = Detail;
			sourceTree = "<group>";
		};
		B87998402A5AB66B00167597 /* Setting */ = {
			isa = PBXGroup;
			children = (
				B87998412A5AB67900167597 /* SettingPopUpState.swift */,
				B87998432A5AB69B00167597 /* TermsViewState.swift */,
			);
			path = Setting;
			sourceTree = "<group>";
		};
		B8BE61AF2A52E03F00B4A989 /* Component */ = {
			isa = PBXGroup;
			children = (
				B8BE61B02A52E05B00B4A989 /* ButtonComponent.swift */,
			);
			path = Component;
			sourceTree = "<group>";
		};
		B8F574782A5EF3330028A46A /* Detail */ = {
			isa = PBXGroup;
			children = (
				B8F5747B2A5EF3600028A46A /* DetailView.swift */,
				B87998372A5A9A5200167597 /* DetailTagView.swift */,
			);
			path = Detail;
			sourceTree = "<group>";
		};
/* End PBXGroup section */

/* Begin PBXNativeTarget section */
		029A34B92A1F49E600088963 /* Keyneez-iOS-Release */ = {
			isa = PBXNativeTarget;
			buildConfigurationList = 029A34C82A1F49E700088963 /* Build configuration list for PBXNativeTarget "Keyneez-iOS-Release" */;
			buildPhases = (
				029A34B62A1F49E600088963 /* Sources */,
				029A34B72A1F49E600088963 /* Frameworks */,
				029A34B82A1F49E600088963 /* Resources */,
			);
			buildRules = (
			);
			dependencies = (
			);
			name = "Keyneez-iOS-Release";
			packageProductDependencies = (
				B8B506A12A5EC55F00B3EAED /* Moya */,
			);
			productName = "Keyneez-iOS-Release";
			productReference = 029A34BA2A1F49E600088963 /* Keyneez-iOS-Release.app */;
			productType = "com.apple.product-type.application";
		};
/* End PBXNativeTarget section */

/* Begin PBXProject section */
		029A34B22A1F49E600088963 /* Project object */ = {
			isa = PBXProject;
			attributes = {
				BuildIndependentTargetsInParallel = 1;
				LastSwiftUpdateCheck = 1430;
				LastUpgradeCheck = 1430;
				TargetAttributes = {
					029A34B92A1F49E600088963 = {
						CreatedOnToolsVersion = 14.3;
					};
				};
			};
			buildConfigurationList = 029A34B52A1F49E600088963 /* Build configuration list for PBXProject "Keyneez-iOS-Release" */;
			compatibilityVersion = "Xcode 14.0";
			developmentRegion = en;
			hasScannedForEncodings = 0;
			knownRegions = (
				en,
				Base,
			);
			mainGroup = 029A34B12A1F49E600088963;
			packageReferences = (
				B8B506A02A5EC55F00B3EAED /* XCRemoteSwiftPackageReference "Moya" */,
			);
			productRefGroup = 029A34BB2A1F49E600088963 /* Products */;
			projectDirPath = "";
			projectRoot = "";
			targets = (
				029A34B92A1F49E600088963 /* Keyneez-iOS-Release */,
			);
		};
/* End PBXProject section */

/* Begin PBXResourcesBuildPhase section */
		029A34B82A1F49E600088963 /* Resources */ = {
			isa = PBXResourcesBuildPhase;
			buildActionMask = 2147483647;
			files = (
				02B70E432A35E020009E220B /* Pretendard-SemiBold.otf in Resources */,
				02B70E472A35E02B009E220B /* Pretendard-Regular.otf in Resources */,
				027918AC2A49A48E002763B7 /* jelly_gif.gif in Resources */,
				02B70E452A35E020009E220B /* Pretendard-Medium.otf in Resources */,
				02B70E442A35E020009E220B /* Pretendard-Bold.otf in Resources */,
				029A34C52A1F49E700088963 /* Preview Assets.xcassets in Resources */,
				029A34C22A1F49E700088963 /* Assets.xcassets in Resources */,
			);
			runOnlyForDeploymentPostprocessing = 0;
		};
/* End PBXResourcesBuildPhase section */

/* Begin PBXSourcesBuildPhase section */
		029A34B62A1F49E600088963 /* Sources */ = {
			isa = PBXSourcesBuildPhase;
			buildActionMask = 2147483647;
			files = (
				B83002242A2B3B5C009D48B6 /* SettingView.swift in Sources */,
				B879983E2A5AB62600167597 /* DetailTagState.swift in Sources */,
				B8B506A42A5ECD9600B3EAED /* MoyaProvider+Test.swift in Sources */,
				B87998422A5AB67900167597 /* SettingPopUpState.swift in Sources */,
				B8D2A0812A42C5F400653B4C /* SettingViewModel.swift in Sources */,
				B8D2A0852A4478E300653B4C /* Navigation+Extensions.swift in Sources */,
				B87998442A5AB69B00167597 /* TermsViewState.swift in Sources */,
				029A34BE2A1F49E600088963 /* Keyneez_iOS_ReleaseApp.swift in Sources */,
				B8B5069F2A5EC4F600B3EAED /* DetailAPI.swift in Sources */,
				B87998382A5A9A5200167597 /* DetailTagView.swift in Sources */,
				B8D2A07C2A42A23D00653B4C /* SettingPopUpView.swift in Sources */,
				B8BE61B12A52E05B00B4A989 /* ButtonComponent.swift in Sources */,
				029A34E12A1F56DD00088963 /* HomeView.swift in Sources */,
				B8B506A62A5ED19100B3EAED /* DetailContentResponseDTO.swift in Sources */,
				B879983B2A5AB27400167597 /* DetailViewModel.swift in Sources */,
				B8D2A0832A44746800653B4C /* TermsView.swift in Sources */,
				02FA293E2A489ED3008359EF /* LikeView.swift in Sources */,
				029A34BE2A1F49E600088963 /* Keyneez_iOS_ReleaseApp.swift in Sources */,
				02C1FA0F2A570EE6009E9D41 /* TagViewModifier.swift in Sources */,
				B8F5747C2A5EF3600028A46A /* DetailView.swift in Sources */,
				024F7ABA2A59CE6B00E4943B /* View+Extensions.swift in Sources */,
				027918AE2A49B235002763B7 /* JellyGifImageView.swift in Sources */,
				029A34E12A1F56DD00088963 /* HomeView.swift in Sources */,
				024F7AB82A59C1B500E4943B /* RecommendCardViewCell.swift in Sources */,
				02C1FA112A570F25009E9D41 /* HomeCardViewCell.swift in Sources */,
				027918AA2A49A169002763B7 /* GifImage.swift in Sources */,
				024F7AB62A59A9B400E4943B /* HomeBackgroundView.swift in Sources */,
				024F7AB22A59A8F600E4943B /* CardViewModel.swift in Sources */,
				02B70E4B2A35EA6B009E220B /* Font+Extension.swift in Sources */,
				024F7AB42A59A97500E4943B /* TeasingTabView.swift in Sources */,
				024F7ABC2A59E4F000E4943B /* MainRecommendView.swift in Sources */,
				02FA293A2A489BF5008359EF /* TabBarView.swift in Sources */,
				02FA29412A489F15008359EF /* ExploreView.swift in Sources */,
				02B70E4D2A35F169009E220B /* Color+Extension.swift in Sources */,
			);
			runOnlyForDeploymentPostprocessing = 0;
		};
/* End PBXSourcesBuildPhase section */

/* Begin XCBuildConfiguration section */
		029A34C62A1F49E700088963 /* Debug */ = {
			isa = XCBuildConfiguration;
			buildSettings = {
				ALWAYS_SEARCH_USER_PATHS = NO;
				CLANG_ANALYZER_NONNULL = YES;
				CLANG_ANALYZER_NUMBER_OBJECT_CONVERSION = YES_AGGRESSIVE;
				CLANG_CXX_LANGUAGE_STANDARD = "gnu++20";
				CLANG_ENABLE_MODULES = YES;
				CLANG_ENABLE_OBJC_ARC = YES;
				CLANG_ENABLE_OBJC_WEAK = YES;
				CLANG_WARN_BLOCK_CAPTURE_AUTORELEASING = YES;
				CLANG_WARN_BOOL_CONVERSION = YES;
				CLANG_WARN_COMMA = YES;
				CLANG_WARN_CONSTANT_CONVERSION = YES;
				CLANG_WARN_DEPRECATED_OBJC_IMPLEMENTATIONS = YES;
				CLANG_WARN_DIRECT_OBJC_ISA_USAGE = YES_ERROR;
				CLANG_WARN_DOCUMENTATION_COMMENTS = YES;
				CLANG_WARN_EMPTY_BODY = YES;
				CLANG_WARN_ENUM_CONVERSION = YES;
				CLANG_WARN_INFINITE_RECURSION = YES;
				CLANG_WARN_INT_CONVERSION = YES;
				CLANG_WARN_NON_LITERAL_NULL_CONVERSION = YES;
				CLANG_WARN_OBJC_IMPLICIT_RETAIN_SELF = YES;
				CLANG_WARN_OBJC_LITERAL_CONVERSION = YES;
				CLANG_WARN_OBJC_ROOT_CLASS = YES_ERROR;
				CLANG_WARN_QUOTED_INCLUDE_IN_FRAMEWORK_HEADER = YES;
				CLANG_WARN_RANGE_LOOP_ANALYSIS = YES;
				CLANG_WARN_STRICT_PROTOTYPES = YES;
				CLANG_WARN_SUSPICIOUS_MOVE = YES;
				CLANG_WARN_UNGUARDED_AVAILABILITY = YES_AGGRESSIVE;
				CLANG_WARN_UNREACHABLE_CODE = YES;
				CLANG_WARN__DUPLICATE_METHOD_MATCH = YES;
				COPY_PHASE_STRIP = NO;
				DEBUG_INFORMATION_FORMAT = dwarf;
				ENABLE_STRICT_OBJC_MSGSEND = YES;
				ENABLE_TESTABILITY = YES;
				GCC_C_LANGUAGE_STANDARD = gnu11;
				GCC_DYNAMIC_NO_PIC = NO;
				GCC_NO_COMMON_BLOCKS = YES;
				GCC_OPTIMIZATION_LEVEL = 0;
				GCC_PREPROCESSOR_DEFINITIONS = (
					"DEBUG=1",
					"$(inherited)",
				);
				GCC_WARN_64_TO_32_BIT_CONVERSION = YES;
				GCC_WARN_ABOUT_RETURN_TYPE = YES_ERROR;
				GCC_WARN_UNDECLARED_SELECTOR = YES;
				GCC_WARN_UNINITIALIZED_AUTOS = YES_AGGRESSIVE;
				GCC_WARN_UNUSED_FUNCTION = YES;
				GCC_WARN_UNUSED_VARIABLE = YES;
				IPHONEOS_DEPLOYMENT_TARGET = 16.0;
				MTL_ENABLE_DEBUG_INFO = INCLUDE_SOURCE;
				MTL_FAST_MATH = YES;
				ONLY_ACTIVE_ARCH = YES;
				SDKROOT = iphoneos;
				SWIFT_ACTIVE_COMPILATION_CONDITIONS = DEBUG;
				SWIFT_OPTIMIZATION_LEVEL = "-Onone";
			};
			name = Debug;
		};
		029A34C72A1F49E700088963 /* Release */ = {
			isa = XCBuildConfiguration;
			buildSettings = {
				ALWAYS_SEARCH_USER_PATHS = NO;
				CLANG_ANALYZER_NONNULL = YES;
				CLANG_ANALYZER_NUMBER_OBJECT_CONVERSION = YES_AGGRESSIVE;
				CLANG_CXX_LANGUAGE_STANDARD = "gnu++20";
				CLANG_ENABLE_MODULES = YES;
				CLANG_ENABLE_OBJC_ARC = YES;
				CLANG_ENABLE_OBJC_WEAK = YES;
				CLANG_WARN_BLOCK_CAPTURE_AUTORELEASING = YES;
				CLANG_WARN_BOOL_CONVERSION = YES;
				CLANG_WARN_COMMA = YES;
				CLANG_WARN_CONSTANT_CONVERSION = YES;
				CLANG_WARN_DEPRECATED_OBJC_IMPLEMENTATIONS = YES;
				CLANG_WARN_DIRECT_OBJC_ISA_USAGE = YES_ERROR;
				CLANG_WARN_DOCUMENTATION_COMMENTS = YES;
				CLANG_WARN_EMPTY_BODY = YES;
				CLANG_WARN_ENUM_CONVERSION = YES;
				CLANG_WARN_INFINITE_RECURSION = YES;
				CLANG_WARN_INT_CONVERSION = YES;
				CLANG_WARN_NON_LITERAL_NULL_CONVERSION = YES;
				CLANG_WARN_OBJC_IMPLICIT_RETAIN_SELF = YES;
				CLANG_WARN_OBJC_LITERAL_CONVERSION = YES;
				CLANG_WARN_OBJC_ROOT_CLASS = YES_ERROR;
				CLANG_WARN_QUOTED_INCLUDE_IN_FRAMEWORK_HEADER = YES;
				CLANG_WARN_RANGE_LOOP_ANALYSIS = YES;
				CLANG_WARN_STRICT_PROTOTYPES = YES;
				CLANG_WARN_SUSPICIOUS_MOVE = YES;
				CLANG_WARN_UNGUARDED_AVAILABILITY = YES_AGGRESSIVE;
				CLANG_WARN_UNREACHABLE_CODE = YES;
				CLANG_WARN__DUPLICATE_METHOD_MATCH = YES;
				COPY_PHASE_STRIP = NO;
				DEBUG_INFORMATION_FORMAT = "dwarf-with-dsym";
				ENABLE_NS_ASSERTIONS = NO;
				ENABLE_STRICT_OBJC_MSGSEND = YES;
				GCC_C_LANGUAGE_STANDARD = gnu11;
				GCC_NO_COMMON_BLOCKS = YES;
				GCC_WARN_64_TO_32_BIT_CONVERSION = YES;
				GCC_WARN_ABOUT_RETURN_TYPE = YES_ERROR;
				GCC_WARN_UNDECLARED_SELECTOR = YES;
				GCC_WARN_UNINITIALIZED_AUTOS = YES_AGGRESSIVE;
				GCC_WARN_UNUSED_FUNCTION = YES;
				GCC_WARN_UNUSED_VARIABLE = YES;
				IPHONEOS_DEPLOYMENT_TARGET = 16.0;
				MTL_ENABLE_DEBUG_INFO = NO;
				MTL_FAST_MATH = YES;
				SDKROOT = iphoneos;
				SWIFT_COMPILATION_MODE = wholemodule;
				SWIFT_OPTIMIZATION_LEVEL = "-O";
				VALIDATE_PRODUCT = YES;
			};
			name = Release;
		};
		029A34C92A1F49E700088963 /* Debug */ = {
			isa = XCBuildConfiguration;
			buildSettings = {
				ASSETCATALOG_COMPILER_APPICON_NAME = AppIcon;
				ASSETCATALOG_COMPILER_GLOBAL_ACCENT_COLOR_NAME = AccentColor;
				CODE_SIGN_STYLE = Automatic;
				CURRENT_PROJECT_VERSION = 1;
				DEVELOPMENT_ASSET_PATHS = "\"Keyneez-iOS-Release/Preview Content\"";
				DEVELOPMENT_TEAM = 82Q43H4UQQ;
				ENABLE_PREVIEWS = YES;
				GENERATE_INFOPLIST_FILE = YES;
				INFOPLIST_FILE = "Keyneez-iOS-Release/Info.plist";
				INFOPLIST_KEY_UIApplicationSceneManifest_Generation = YES;
				INFOPLIST_KEY_UIApplicationSupportsIndirectInputEvents = YES;
				INFOPLIST_KEY_UILaunchScreen_Generation = YES;
				INFOPLIST_KEY_UISupportedInterfaceOrientations_iPad = "UIInterfaceOrientationPortrait UIInterfaceOrientationPortraitUpsideDown UIInterfaceOrientationLandscapeLeft UIInterfaceOrientationLandscapeRight";
				INFOPLIST_KEY_UISupportedInterfaceOrientations_iPhone = "UIInterfaceOrientationPortrait UIInterfaceOrientationLandscapeLeft UIInterfaceOrientationLandscapeRight";
				IPHONEOS_DEPLOYMENT_TARGET = 16.0;
				LD_RUNPATH_SEARCH_PATHS = (
					"$(inherited)",
					"@executable_path/Frameworks",
				);
				MARKETING_VERSION = 1.0;
				PRODUCT_BUNDLE_IDENTIFIER = "com.wonni.Keyneez-iOS-Release";
				PRODUCT_NAME = "$(TARGET_NAME)";
				SWIFT_EMIT_LOC_STRINGS = YES;
				SWIFT_VERSION = 5.0;
				TARGETED_DEVICE_FAMILY = "1,2";
			};
			name = Debug;
		};
		029A34CA2A1F49E700088963 /* Release */ = {
			isa = XCBuildConfiguration;
			buildSettings = {
				ASSETCATALOG_COMPILER_APPICON_NAME = AppIcon;
				ASSETCATALOG_COMPILER_GLOBAL_ACCENT_COLOR_NAME = AccentColor;
				CODE_SIGN_STYLE = Automatic;
				CURRENT_PROJECT_VERSION = 1;
				DEVELOPMENT_ASSET_PATHS = "\"Keyneez-iOS-Release/Preview Content\"";
				DEVELOPMENT_TEAM = 82Q43H4UQQ;
				ENABLE_PREVIEWS = YES;
				GENERATE_INFOPLIST_FILE = YES;
				INFOPLIST_FILE = "Keyneez-iOS-Release/Info.plist";
				INFOPLIST_KEY_UIApplicationSceneManifest_Generation = YES;
				INFOPLIST_KEY_UIApplicationSupportsIndirectInputEvents = YES;
				INFOPLIST_KEY_UILaunchScreen_Generation = YES;
				INFOPLIST_KEY_UISupportedInterfaceOrientations_iPad = "UIInterfaceOrientationPortrait UIInterfaceOrientationPortraitUpsideDown UIInterfaceOrientationLandscapeLeft UIInterfaceOrientationLandscapeRight";
				INFOPLIST_KEY_UISupportedInterfaceOrientations_iPhone = "UIInterfaceOrientationPortrait UIInterfaceOrientationLandscapeLeft UIInterfaceOrientationLandscapeRight";
				IPHONEOS_DEPLOYMENT_TARGET = 16.0;
				LD_RUNPATH_SEARCH_PATHS = (
					"$(inherited)",
					"@executable_path/Frameworks",
				);
				MARKETING_VERSION = 1.0;
				PRODUCT_BUNDLE_IDENTIFIER = "wonni.Keyneez-iOS-Release";
				PRODUCT_NAME = "$(TARGET_NAME)";
				SWIFT_EMIT_LOC_STRINGS = YES;
				SWIFT_VERSION = 5.0;
				TARGETED_DEVICE_FAMILY = "1,2";
			};
			name = Release;
		};
/* End XCBuildConfiguration section */

/* Begin XCConfigurationList section */
		029A34B52A1F49E600088963 /* Build configuration list for PBXProject "Keyneez-iOS-Release" */ = {
			isa = XCConfigurationList;
			buildConfigurations = (
				029A34C62A1F49E700088963 /* Debug */,
				029A34C72A1F49E700088963 /* Release */,
			);
			defaultConfigurationIsVisible = 0;
			defaultConfigurationName = Release;
		};
		029A34C82A1F49E700088963 /* Build configuration list for PBXNativeTarget "Keyneez-iOS-Release" */ = {
			isa = XCConfigurationList;
			buildConfigurations = (
				029A34C92A1F49E700088963 /* Debug */,
				029A34CA2A1F49E700088963 /* Release */,
			);
			defaultConfigurationIsVisible = 0;
			defaultConfigurationName = Release;
		};
/* End XCConfigurationList section */

/* Begin XCRemoteSwiftPackageReference section */
		B8B506A02A5EC55F00B3EAED /* XCRemoteSwiftPackageReference "Moya" */ = {
			isa = XCRemoteSwiftPackageReference;
			repositoryURL = "https://github.com/Moya/Moya.git";
			requirement = {
				kind = upToNextMajorVersion;
				minimumVersion = 15.0.0;
			};
		};
/* End XCRemoteSwiftPackageReference section */

/* Begin XCSwiftPackageProductDependency section */
		B8B506A12A5EC55F00B3EAED /* Moya */ = {
			isa = XCSwiftPackageProductDependency;
			package = B8B506A02A5EC55F00B3EAED /* XCRemoteSwiftPackageReference "Moya" */;
			productName = Moya;
		};
/* End XCSwiftPackageProductDependency section */
	};
	rootObject = 029A34B22A1F49E600088963 /* Project object */;
}
