// !$*UTF8*$!
{
	archiveVersion = 1;
	classes = {
	};
	objectVersion = 56;
	objects = {

/* Begin PBXBuildFile section */
		023CF6752A80916100F63642 /* LikeCell.swift in Sources */ = {isa = PBXBuildFile; fileRef = 023CF6742A80916100F63642 /* LikeCell.swift */; };
		023CF6772A80929700F63642 /* LikeEditView.swift in Sources */ = {isa = PBXBuildFile; fileRef = 023CF6762A80929700F63642 /* LikeEditView.swift */; };
		023CF67A2A8095AE00F63642 /* LikeViewModel.swift in Sources */ = {isa = PBXBuildFile; fileRef = 023CF6792A8095AE00F63642 /* LikeViewModel.swift */; };
		023CF67C2A83D7D800F63642 /* CardItem.swift in Sources */ = {isa = PBXBuildFile; fileRef = 023CF67B2A83D7D800F63642 /* CardItem.swift */; };
		029A34C22A1F49E700088963 /* Assets.xcassets in Resources */ = {isa = PBXBuildFile; fileRef = 029A34C12A1F49E700088963 /* Assets.xcassets */; };
		029A34C52A1F49E700088963 /* Preview Assets.xcassets in Resources */ = {isa = PBXBuildFile; fileRef = 029A34C42A1F49E700088963 /* Preview Assets.xcassets */; };
		02F20A272A7D1A5A001B884E /* ExploreCellView.swift in Sources */ = {isa = PBXBuildFile; fileRef = 02F20A262A7D1A5A001B884E /* ExploreCellView.swift */; };
		02F20A2B2A7D1AC3001B884E /* FilterTagComponent.swift in Sources */ = {isa = PBXBuildFile; fileRef = 02F20A2A2A7D1AC3001B884E /* FilterTagComponent.swift */; };
		02F20A2D2A7D1AE0001B884E /* ExploreTabBarView.swift in Sources */ = {isa = PBXBuildFile; fileRef = 02F20A2C2A7D1AE0001B884E /* ExploreTabBarView.swift */; };
		02F20A2F2A7D1B03001B884E /* ExploreSearchView.swift in Sources */ = {isa = PBXBuildFile; fileRef = 02F20A2E2A7D1B03001B884E /* ExploreSearchView.swift */; };
		02F20A322A7D1CC6001B884E /* ExploreViewModel.swift in Sources */ = {isa = PBXBuildFile; fileRef = 02F20A312A7D1CC6001B884E /* ExploreViewModel.swift */; };
		B1200CF52A63A12B00A1310F /* Keyneez_iOS_ReleaseApp.swift in Sources */ = {isa = PBXBuildFile; fileRef = B1200CF42A63A12B00A1310F /* Keyneez_iOS_ReleaseApp.swift */; };
		B125FBDF2A2832890015E04B /* WelcomeView.swift in Sources */ = {isa = PBXBuildFile; fileRef = B125FBDE2A2832890015E04B /* WelcomeView.swift */; };
		B125FBE12A2836170015E04B /* RegisterContainerView.swift in Sources */ = {isa = PBXBuildFile; fileRef = B125FBE02A2836170015E04B /* RegisterContainerView.swift */; };
		B125FBE32A2837FA0015E04B /* RegisterIDView.swift in Sources */ = {isa = PBXBuildFile; fileRef = B125FBE22A2837FA0015E04B /* RegisterIDView.swift */; };
		B125FBE52A283C7A0015E04B /* NicknameState.swift in Sources */ = {isa = PBXBuildFile; fileRef = B125FBE42A283C7A0015E04B /* NicknameState.swift */; };
		B125FBE72A283E8D0015E04B /* RegisterConsentView.swift in Sources */ = {isa = PBXBuildFile; fileRef = B125FBE62A283E8D0015E04B /* RegisterConsentView.swift */; };
		B125FBE92A28EEE70015E04B /* KeyneezButton.swift in Sources */ = {isa = PBXBuildFile; fileRef = B125FBE82A28EEE70015E04B /* KeyneezButton.swift */; };
		B125FBEC2A29D3A10015E04B /* RegisterIDViewModel.swift in Sources */ = {isa = PBXBuildFile; fileRef = B125FBEB2A29D3A10015E04B /* RegisterIDViewModel.swift */; };
		B125FBEE2A29D5570015E04B /* IDRegexMaker.swift in Sources */ = {isa = PBXBuildFile; fileRef = B125FBED2A29D5570015E04B /* IDRegexMaker.swift */; };
		B125FBF02A29EE8E0015E04B /* ConsentRow.swift in Sources */ = {isa = PBXBuildFile; fileRef = B125FBEF2A29EE8E0015E04B /* ConsentRow.swift */; };
		B125FBF22A29F3B50015E04B /* RegisterConsentViewModel.swift in Sources */ = {isa = PBXBuildFile; fileRef = B125FBF12A29F3B50015E04B /* RegisterConsentViewModel.swift */; };
		B125FBF42A29F4A40015E04B /* ViewModelable.swift in Sources */ = {isa = PBXBuildFile; fileRef = B125FBF32A29F4A40015E04B /* ViewModelable.swift */; };
		B125FBF72A2DB6620015E04B /* RecommendView.swift in Sources */ = {isa = PBXBuildFile; fileRef = B125FBF62A2DB6620015E04B /* RecommendView.swift */; };
		B125FBF92A2DBE310015E04B /* RecommendItem.swift in Sources */ = {isa = PBXBuildFile; fileRef = B125FBF82A2DBE310015E04B /* RecommendItem.swift */; };
		B125FBFB2A2DC11B0015E04B /* RecommendCell.swift in Sources */ = {isa = PBXBuildFile; fileRef = B125FBFA2A2DC11B0015E04B /* RecommendCell.swift */; };
		B125FBFF2A2DC5770015E04B /* TagView.swift in Sources */ = {isa = PBXBuildFile; fileRef = B125FBFE2A2DC5770015E04B /* TagView.swift */; };
		B145A0392A4A9A9E003505B6 /* BirthRegexMaker.swift in Sources */ = {isa = PBXBuildFile; fileRef = B145A0382A4A9A9E003505B6 /* BirthRegexMaker.swift */; };
		B145A03B2A4AB2EF003505B6 /* BirthDateState.swift in Sources */ = {isa = PBXBuildFile; fileRef = B145A03A2A4AB2EF003505B6 /* BirthDateState.swift */; };
		B145A03D2A4ABB14003505B6 /* Gender.swift in Sources */ = {isa = PBXBuildFile; fileRef = B145A03C2A4ABB14003505B6 /* Gender.swift */; };
		B145A03F2A4ACD76003505B6 /* PageIndicator.swift in Sources */ = {isa = PBXBuildFile; fileRef = B145A03E2A4ACD76003505B6 /* PageIndicator.swift */; };
		B145A0432A4B127D003505B6 /* KakaoSDKAuth in Frameworks */ = {isa = PBXBuildFile; productRef = B145A0422A4B127D003505B6 /* KakaoSDKAuth */; };
		B145A0452A4B127D003505B6 /* KakaoSDKUser in Frameworks */ = {isa = PBXBuildFile; productRef = B145A0442A4B127D003505B6 /* KakaoSDKUser */; };
		B145A0482A4BBCCD003505B6 /* WelcomeViewModel.swift in Sources */ = {isa = PBXBuildFile; fileRef = B145A0472A4BBCCD003505B6 /* WelcomeViewModel.swift */; };
		B145A04D2A4BC162003505B6 /* Moya in Frameworks */ = {isa = PBXBuildFile; productRef = B145A04C2A4BC162003505B6 /* Moya */; };
		B145A0512A4BC1F3003505B6 /* AuthAPI.swift in Sources */ = {isa = PBXBuildFile; fileRef = B145A0502A4BC1F3003505B6 /* AuthAPI.swift */; };
		B145A0532A4BC2C5003505B6 /* OAuthAPI.swift in Sources */ = {isa = PBXBuildFile; fileRef = B145A0522A4BC2C5003505B6 /* OAuthAPI.swift */; };
		B145A0552A4BC375003505B6 /* APIEnvironment.swift in Sources */ = {isa = PBXBuildFile; fileRef = B145A0542A4BC375003505B6 /* APIEnvironment.swift */; };
		B145A0572A4BC55B003505B6 /* KakaoSignUpRequestDTO.swift in Sources */ = {isa = PBXBuildFile; fileRef = B145A0562A4BC55B003505B6 /* KakaoSignUpRequestDTO.swift */; };
		B145A05B2A4BCF6A003505B6 /* Encodable+Extension.swift in Sources */ = {isa = PBXBuildFile; fileRef = B145A05A2A4BCF6A003505B6 /* Encodable+Extension.swift */; };
		B145A05D2A4BD043003505B6 /* MoyaProvider+Extension.swift in Sources */ = {isa = PBXBuildFile; fileRef = B145A05C2A4BD043003505B6 /* MoyaProvider+Extension.swift */; };
		B145A0632A4D6975003505B6 /* AuthRemoteManager.swift in Sources */ = {isa = PBXBuildFile; fileRef = B145A0622A4D6975003505B6 /* AuthRemoteManager.swift */; };
		B145A0662A4D71E3003505B6 /* LogoutResponseDTO.swift in Sources */ = {isa = PBXBuildFile; fileRef = B145A0652A4D71E3003505B6 /* LogoutResponseDTO.swift */; };
		B145A0682A4D7214003505B6 /* Decoder.swift in Sources */ = {isa = PBXBuildFile; fileRef = B145A0672A4D7214003505B6 /* Decoder.swift */; };
		B145A06A2A4D72C6003505B6 /* KeyneezNetworkError.swift in Sources */ = {isa = PBXBuildFile; fileRef = B145A0692A4D72C6003505B6 /* KeyneezNetworkError.swift */; };
		B145A06D2A4D7434003505B6 /* RequestSendable.swift in Sources */ = {isa = PBXBuildFile; fileRef = B145A06C2A4D7434003505B6 /* RequestSendable.swift */; };
		B145A06F2A4D747F003505B6 /* OAuthRemoteManager.swift in Sources */ = {isa = PBXBuildFile; fileRef = B145A06E2A4D747F003505B6 /* OAuthRemoteManager.swift */; };
		B145A0712A4D75AB003505B6 /* LoginResponseDTO.swift in Sources */ = {isa = PBXBuildFile; fileRef = B145A0702A4D75AB003505B6 /* LoginResponseDTO.swift */; };
		B145A0732A4D77E1003505B6 /* UserDTO.swift in Sources */ = {isa = PBXBuildFile; fileRef = B145A0722A4D77E1003505B6 /* UserDTO.swift */; };
		B145A0752A4D77FC003505B6 /* Token.swift in Sources */ = {isa = PBXBuildFile; fileRef = B145A0742A4D77FC003505B6 /* Token.swift */; };
		B145A0772A4D7823003505B6 /* SignUpRequestDTO.swift in Sources */ = {isa = PBXBuildFile; fileRef = B145A0762A4D7823003505B6 /* SignUpRequestDTO.swift */; };
		B145A0792A4D7C79003505B6 /* KeychainManager.swift in Sources */ = {isa = PBXBuildFile; fileRef = B145A0782A4D7C79003505B6 /* KeychainManager.swift */; };
		B145A07B2A4D7FD6003505B6 /* AuthInterceptor.swift in Sources */ = {isa = PBXBuildFile; fileRef = B145A07A2A4D7FD6003505B6 /* AuthInterceptor.swift */; };
		B145A07D2A4D80F0003505B6 /* UserManager.swift in Sources */ = {isa = PBXBuildFile; fileRef = B145A07C2A4D80F0003505B6 /* UserManager.swift */; };
		B145A0802A4D8384003505B6 /* RefreshResponseDTO.swift in Sources */ = {isa = PBXBuildFile; fileRef = B145A07F2A4D8384003505B6 /* RefreshResponseDTO.swift */; };
		B145A0822A4D999F003505B6 /* GenericResponse.swift in Sources */ = {isa = PBXBuildFile; fileRef = B145A0812A4D999F003505B6 /* GenericResponse.swift */; };
		B145A0842A4D9C39003505B6 /* OAuthRepository.swift in Sources */ = {isa = PBXBuildFile; fileRef = B145A0832A4D9C39003505B6 /* OAuthRepository.swift */; };
		B145A0862A4D9CD0003505B6 /* KakaoUserApi.swift in Sources */ = {isa = PBXBuildFile; fileRef = B145A0852A4D9CD0003505B6 /* KakaoUserApi.swift */; };
		B145A0882A4E006E003505B6 /* NetworkPluggin.swift in Sources */ = {isa = PBXBuildFile; fileRef = B145A0872A4E006E003505B6 /* NetworkPluggin.swift */; };
		B154804D2A6397EC00293289 /* AppleLoginManager.swift in Sources */ = {isa = PBXBuildFile; fileRef = B154804C2A6397EC00293289 /* AppleLoginManager.swift */; };
		B15480532A639D6600293289 /* RecommendCardViewCell.swift in Sources */ = {isa = PBXBuildFile; fileRef = B154804F2A639D6600293289 /* RecommendCardViewCell.swift */; };
		B15480542A639D6600293289 /* HomeCardViewCell.swift in Sources */ = {isa = PBXBuildFile; fileRef = B15480502A639D6600293289 /* HomeCardViewCell.swift */; };
		B15480552A639D6600293289 /* ExploreCardViewCell.swift in Sources */ = {isa = PBXBuildFile; fileRef = B15480512A639D6600293289 /* ExploreCardViewCell.swift */; };
		B15480562A639D6600293289 /* TagViewModifier.swift in Sources */ = {isa = PBXBuildFile; fileRef = B15480522A639D6600293289 /* TagViewModifier.swift */; };
		B15480592A639D6E00293289 /* ButtonComponent.swift in Sources */ = {isa = PBXBuildFile; fileRef = B15480582A639D6E00293289 /* ButtonComponent.swift */; };
		B154805F2A639D8200293289 /* DetailView.swift in Sources */ = {isa = PBXBuildFile; fileRef = B154805B2A639D8200293289 /* DetailView.swift */; };
		B15480612A639D8200293289 /* DetailTagView.swift in Sources */ = {isa = PBXBuildFile; fileRef = B154805E2A639D8200293289 /* DetailTagView.swift */; };
		B15480642A639D8B00293289 /* ExploreView.swift in Sources */ = {isa = PBXBuildFile; fileRef = B15480632A639D8B00293289 /* ExploreView.swift */; };
		B15480672A639D9200293289 /* LikeView.swift in Sources */ = {isa = PBXBuildFile; fileRef = B15480662A639D9200293289 /* LikeView.swift */; };
		B154806D2A639DA300293289 /* SettingPopUpView.swift in Sources */ = {isa = PBXBuildFile; fileRef = B15480692A639DA300293289 /* SettingPopUpView.swift */; };
		B154806F2A639DA300293289 /* TermsView.swift in Sources */ = {isa = PBXBuildFile; fileRef = B154806B2A639DA300293289 /* TermsView.swift */; };
		B15480702A639DA300293289 /* SettingView.swift in Sources */ = {isa = PBXBuildFile; fileRef = B154806C2A639DA300293289 /* SettingView.swift */; };
		B154807D2A639DB300293289 /* HomeBackgroundView.swift in Sources */ = {isa = PBXBuildFile; fileRef = B15480722A639DB300293289 /* HomeBackgroundView.swift */; };
		B154807E2A639DB300293289 /* MainRecommendView.swift in Sources */ = {isa = PBXBuildFile; fileRef = B15480732A639DB300293289 /* MainRecommendView.swift */; };
		B154807F2A639DB300293289 /* GifImage.swift in Sources */ = {isa = PBXBuildFile; fileRef = B15480742A639DB300293289 /* GifImage.swift */; };
		B15480802A639DB300293289 /* WeekRecommendCollectionView.swift in Sources */ = {isa = PBXBuildFile; fileRef = B15480752A639DB300293289 /* WeekRecommendCollectionView.swift */; };
		B15480812A639DB300293289 /* JellyOpenBeforeHomeView.swift in Sources */ = {isa = PBXBuildFile; fileRef = B15480762A639DB300293289 /* JellyOpenBeforeHomeView.swift */; };
		B15480822A639DB300293289 /* TabBarView.swift in Sources */ = {isa = PBXBuildFile; fileRef = B15480772A639DB300293289 /* TabBarView.swift */; };
		B15480832A639DB300293289 /* JellyView.swift in Sources */ = {isa = PBXBuildFile; fileRef = B15480782A639DB300293289 /* JellyView.swift */; };
		B15480842A639DB300293289 /* TipKitView.swift in Sources */ = {isa = PBXBuildFile; fileRef = B15480792A639DB300293289 /* TipKitView.swift */; };
		B15480852A639DB300293289 /* TeasingTabView.swift in Sources */ = {isa = PBXBuildFile; fileRef = B154807A2A639DB300293289 /* TeasingTabView.swift */; };
		B15480862A639DB300293289 /* RecentUpdateDetailView.swift in Sources */ = {isa = PBXBuildFile; fileRef = B154807B2A639DB300293289 /* RecentUpdateDetailView.swift */; };
		B15480872A639DB300293289 /* JellyGifImageView.swift in Sources */ = {isa = PBXBuildFile; fileRef = B154807C2A639DB300293289 /* JellyGifImageView.swift */; };
		B154808B2A639E0700293289 /* DetailTagState.swift in Sources */ = {isa = PBXBuildFile; fileRef = B15480892A639E0600293289 /* DetailTagState.swift */; };
		B154808C2A639E0700293289 /* DetailContentResponseDTO.swift in Sources */ = {isa = PBXBuildFile; fileRef = B154808A2A639E0600293289 /* DetailContentResponseDTO.swift */; };
		B15480902A639E0B00293289 /* TermsViewState.swift in Sources */ = {isa = PBXBuildFile; fileRef = B154808E2A639E0B00293289 /* TermsViewState.swift */; };
		B15480912A639E0B00293289 /* SettingPopUpState.swift in Sources */ = {isa = PBXBuildFile; fileRef = B154808F2A639E0B00293289 /* SettingPopUpState.swift */; };
		B15480992A639E2200293289 /* jelly_gif.gif in Resources */ = {isa = PBXBuildFile; fileRef = B15480922A639E2200293289 /* jelly_gif.gif */; };
		B154809A2A639E2200293289 /* Pretendard-Regular.otf in Resources */ = {isa = PBXBuildFile; fileRef = B15480952A639E2200293289 /* Pretendard-Regular.otf */; };
		B154809B2A639E2200293289 /* Pretendard-Medium.otf in Resources */ = {isa = PBXBuildFile; fileRef = B15480962A639E2200293289 /* Pretendard-Medium.otf */; };
		B154809C2A639E2200293289 /* Pretendard-Bold.otf in Resources */ = {isa = PBXBuildFile; fileRef = B15480972A639E2200293289 /* Pretendard-Bold.otf */; };
		B154809D2A639E2200293289 /* Pretendard-SemiBold.otf in Resources */ = {isa = PBXBuildFile; fileRef = B15480982A639E2200293289 /* Pretendard-SemiBold.otf */; };
		B15480B62A639E6B00293289 /* Color+Extension.swift in Sources */ = {isa = PBXBuildFile; fileRef = B15480AE2A639E6B00293289 /* Color+Extension.swift */; };
		B15480B72A639E6B00293289 /* Number+Extension.swift in Sources */ = {isa = PBXBuildFile; fileRef = B15480AF2A639E6B00293289 /* Number+Extension.swift */; };
		B15480B82A639E6B00293289 /* Navigation+Extensions.swift in Sources */ = {isa = PBXBuildFile; fileRef = B15480B02A639E6B00293289 /* Navigation+Extensions.swift */; };
		B15480B92A639E6B00293289 /* Font+Extension.swift in Sources */ = {isa = PBXBuildFile; fileRef = B15480B12A639E6B00293289 /* Font+Extension.swift */; };
		B15480BA2A639E6B00293289 /* AlertView.swift in Sources */ = {isa = PBXBuildFile; fileRef = B15480B22A639E6B00293289 /* AlertView.swift */; };
		B15480BB2A639E6B00293289 /* View+Extension.swift in Sources */ = {isa = PBXBuildFile; fileRef = B15480B32A639E6B00293289 /* View+Extension.swift */; };
		B15480BC2A639E6B00293289 /* View+Extensions.swift in Sources */ = {isa = PBXBuildFile; fileRef = B15480B42A639E6B00293289 /* View+Extensions.swift */; };
		B15480BD2A639E6B00293289 /* OSLog+Extension.swift in Sources */ = {isa = PBXBuildFile; fileRef = B15480B52A639E6B00293289 /* OSLog+Extension.swift */; };
		B15480C72A639E7D00293289 /* HomeViewModel.swift in Sources */ = {isa = PBXBuildFile; fileRef = B15480BF2A639E7D00293289 /* HomeViewModel.swift */; };
		B15480C92A639E7D00293289 /* DetailViewModel.swift in Sources */ = {isa = PBXBuildFile; fileRef = B15480C22A639E7D00293289 /* DetailViewModel.swift */; };
		B15480CA2A639E7D00293289 /* DetailAPI.swift in Sources */ = {isa = PBXBuildFile; fileRef = B15480C32A639E7D00293289 /* DetailAPI.swift */; };
		B15480CC2A639E7D00293289 /* CardViewModel.swift in Sources */ = {isa = PBXBuildFile; fileRef = B15480C62A639E7D00293289 /* CardViewModel.swift */; };
		B15480D12A639E8B00293289 /* SettingViewModel.swift in Sources */ = {isa = PBXBuildFile; fileRef = B15480CF2A639E8B00293289 /* SettingViewModel.swift */; };
		B16332EB2A3E9DAE00026A46 /* RecommendViewModel.swift in Sources */ = {isa = PBXBuildFile; fileRef = B16332EA2A3E9DAE00026A46 /* RecommendViewModel.swift */; };
		B17227BA2A6BCF95009A1FF9 /* ContentView.swift in Sources */ = {isa = PBXBuildFile; fileRef = B17227B92A6BCF95009A1FF9 /* ContentView.swift */; };
		B17227BC2A6BD078009A1FF9 /* MainViewModel.swift in Sources */ = {isa = PBXBuildFile; fileRef = B17227BB2A6BD078009A1FF9 /* MainViewModel.swift */; };
		B17227BE2A6BE161009A1FF9 /* roof1.gif in Resources */ = {isa = PBXBuildFile; fileRef = B17227BD2A6BE161009A1FF9 /* roof1.gif */; };
/* End PBXBuildFile section */

/* Begin PBXFileReference section */
		023CF6742A80916100F63642 /* LikeCell.swift */ = {isa = PBXFileReference; lastKnownFileType = sourcecode.swift; path = LikeCell.swift; sourceTree = "<group>"; };
		023CF6762A80929700F63642 /* LikeEditView.swift */ = {isa = PBXFileReference; lastKnownFileType = sourcecode.swift; path = LikeEditView.swift; sourceTree = "<group>"; };
		023CF6792A8095AE00F63642 /* LikeViewModel.swift */ = {isa = PBXFileReference; lastKnownFileType = sourcecode.swift; path = LikeViewModel.swift; sourceTree = "<group>"; };
		023CF67B2A83D7D800F63642 /* CardItem.swift */ = {isa = PBXFileReference; lastKnownFileType = sourcecode.swift; path = CardItem.swift; sourceTree = "<group>"; };
		029A34BA2A1F49E600088963 /* Keyneez-iOS-Release.app */ = {isa = PBXFileReference; explicitFileType = wrapper.application; includeInIndex = 0; path = "Keyneez-iOS-Release.app"; sourceTree = BUILT_PRODUCTS_DIR; };
		029A34C12A1F49E700088963 /* Assets.xcassets */ = {isa = PBXFileReference; lastKnownFileType = folder.assetcatalog; path = Assets.xcassets; sourceTree = "<group>"; };
		029A34C42A1F49E700088963 /* Preview Assets.xcassets */ = {isa = PBXFileReference; lastKnownFileType = folder.assetcatalog; path = "Preview Assets.xcassets"; sourceTree = "<group>"; };
		02F20A262A7D1A5A001B884E /* ExploreCellView.swift */ = {isa = PBXFileReference; lastKnownFileType = sourcecode.swift; path = ExploreCellView.swift; sourceTree = "<group>"; };
		02F20A2A2A7D1AC3001B884E /* FilterTagComponent.swift */ = {isa = PBXFileReference; lastKnownFileType = sourcecode.swift; path = FilterTagComponent.swift; sourceTree = "<group>"; };
		02F20A2C2A7D1AE0001B884E /* ExploreTabBarView.swift */ = {isa = PBXFileReference; lastKnownFileType = sourcecode.swift; path = ExploreTabBarView.swift; sourceTree = "<group>"; };
		02F20A2E2A7D1B03001B884E /* ExploreSearchView.swift */ = {isa = PBXFileReference; lastKnownFileType = sourcecode.swift; path = ExploreSearchView.swift; sourceTree = "<group>"; };
		02F20A312A7D1CC6001B884E /* ExploreViewModel.swift */ = {isa = PBXFileReference; lastKnownFileType = sourcecode.swift; path = ExploreViewModel.swift; sourceTree = "<group>"; };
		B1200CF42A63A12B00A1310F /* Keyneez_iOS_ReleaseApp.swift */ = {isa = PBXFileReference; fileEncoding = 4; lastKnownFileType = sourcecode.swift; path = Keyneez_iOS_ReleaseApp.swift; sourceTree = "<group>"; };
		B125FBDE2A2832890015E04B /* WelcomeView.swift */ = {isa = PBXFileReference; lastKnownFileType = sourcecode.swift; path = WelcomeView.swift; sourceTree = "<group>"; };
		B125FBE02A2836170015E04B /* RegisterContainerView.swift */ = {isa = PBXFileReference; lastKnownFileType = sourcecode.swift; path = RegisterContainerView.swift; sourceTree = "<group>"; };
		B125FBE22A2837FA0015E04B /* RegisterIDView.swift */ = {isa = PBXFileReference; lastKnownFileType = sourcecode.swift; path = RegisterIDView.swift; sourceTree = "<group>"; };
		B125FBE42A283C7A0015E04B /* NicknameState.swift */ = {isa = PBXFileReference; lastKnownFileType = sourcecode.swift; path = NicknameState.swift; sourceTree = "<group>"; };
		B125FBE62A283E8D0015E04B /* RegisterConsentView.swift */ = {isa = PBXFileReference; lastKnownFileType = sourcecode.swift; path = RegisterConsentView.swift; sourceTree = "<group>"; };
		B125FBE82A28EEE70015E04B /* KeyneezButton.swift */ = {isa = PBXFileReference; lastKnownFileType = sourcecode.swift; path = KeyneezButton.swift; sourceTree = "<group>"; };
		B125FBEB2A29D3A10015E04B /* RegisterIDViewModel.swift */ = {isa = PBXFileReference; lastKnownFileType = sourcecode.swift; path = RegisterIDViewModel.swift; sourceTree = "<group>"; };
		B125FBED2A29D5570015E04B /* IDRegexMaker.swift */ = {isa = PBXFileReference; lastKnownFileType = sourcecode.swift; path = IDRegexMaker.swift; sourceTree = "<group>"; };
		B125FBEF2A29EE8E0015E04B /* ConsentRow.swift */ = {isa = PBXFileReference; lastKnownFileType = sourcecode.swift; path = ConsentRow.swift; sourceTree = "<group>"; };
		B125FBF12A29F3B50015E04B /* RegisterConsentViewModel.swift */ = {isa = PBXFileReference; lastKnownFileType = sourcecode.swift; path = RegisterConsentViewModel.swift; sourceTree = "<group>"; };
		B125FBF32A29F4A40015E04B /* ViewModelable.swift */ = {isa = PBXFileReference; lastKnownFileType = sourcecode.swift; path = ViewModelable.swift; sourceTree = "<group>"; };
		B125FBF62A2DB6620015E04B /* RecommendView.swift */ = {isa = PBXFileReference; lastKnownFileType = sourcecode.swift; path = RecommendView.swift; sourceTree = "<group>"; };
		B125FBF82A2DBE310015E04B /* RecommendItem.swift */ = {isa = PBXFileReference; lastKnownFileType = sourcecode.swift; path = RecommendItem.swift; sourceTree = "<group>"; };
		B125FBFA2A2DC11B0015E04B /* RecommendCell.swift */ = {isa = PBXFileReference; lastKnownFileType = sourcecode.swift; path = RecommendCell.swift; sourceTree = "<group>"; };
		B125FBFE2A2DC5770015E04B /* TagView.swift */ = {isa = PBXFileReference; lastKnownFileType = sourcecode.swift; path = TagView.swift; sourceTree = "<group>"; };
		B145A0382A4A9A9E003505B6 /* BirthRegexMaker.swift */ = {isa = PBXFileReference; lastKnownFileType = sourcecode.swift; path = BirthRegexMaker.swift; sourceTree = "<group>"; };
		B145A03A2A4AB2EF003505B6 /* BirthDateState.swift */ = {isa = PBXFileReference; lastKnownFileType = sourcecode.swift; path = BirthDateState.swift; sourceTree = "<group>"; };
		B145A03C2A4ABB14003505B6 /* Gender.swift */ = {isa = PBXFileReference; lastKnownFileType = sourcecode.swift; path = Gender.swift; sourceTree = "<group>"; };
		B145A03E2A4ACD76003505B6 /* PageIndicator.swift */ = {isa = PBXFileReference; lastKnownFileType = sourcecode.swift; path = PageIndicator.swift; sourceTree = "<group>"; };
		B145A0462A4B1321003505B6 /* Info.plist */ = {isa = PBXFileReference; lastKnownFileType = text.plist; path = Info.plist; sourceTree = "<group>"; };
		B145A0472A4BBCCD003505B6 /* WelcomeViewModel.swift */ = {isa = PBXFileReference; lastKnownFileType = sourcecode.swift; path = WelcomeViewModel.swift; sourceTree = "<group>"; };
		B145A0502A4BC1F3003505B6 /* AuthAPI.swift */ = {isa = PBXFileReference; lastKnownFileType = sourcecode.swift; path = AuthAPI.swift; sourceTree = "<group>"; };
		B145A0522A4BC2C5003505B6 /* OAuthAPI.swift */ = {isa = PBXFileReference; lastKnownFileType = sourcecode.swift; path = OAuthAPI.swift; sourceTree = "<group>"; };
		B145A0542A4BC375003505B6 /* APIEnvironment.swift */ = {isa = PBXFileReference; lastKnownFileType = sourcecode.swift; path = APIEnvironment.swift; sourceTree = "<group>"; };
		B145A0562A4BC55B003505B6 /* KakaoSignUpRequestDTO.swift */ = {isa = PBXFileReference; lastKnownFileType = sourcecode.swift; path = KakaoSignUpRequestDTO.swift; sourceTree = "<group>"; };
		B145A05A2A4BCF6A003505B6 /* Encodable+Extension.swift */ = {isa = PBXFileReference; lastKnownFileType = sourcecode.swift; path = "Encodable+Extension.swift"; sourceTree = "<group>"; };
		B145A05C2A4BD043003505B6 /* MoyaProvider+Extension.swift */ = {isa = PBXFileReference; lastKnownFileType = sourcecode.swift; path = "MoyaProvider+Extension.swift"; sourceTree = "<group>"; };
		B145A0622A4D6975003505B6 /* AuthRemoteManager.swift */ = {isa = PBXFileReference; lastKnownFileType = sourcecode.swift; path = AuthRemoteManager.swift; sourceTree = "<group>"; };
		B145A0652A4D71E3003505B6 /* LogoutResponseDTO.swift */ = {isa = PBXFileReference; lastKnownFileType = sourcecode.swift; path = LogoutResponseDTO.swift; sourceTree = "<group>"; };
		B145A0672A4D7214003505B6 /* Decoder.swift */ = {isa = PBXFileReference; lastKnownFileType = sourcecode.swift; path = Decoder.swift; sourceTree = "<group>"; };
		B145A0692A4D72C6003505B6 /* KeyneezNetworkError.swift */ = {isa = PBXFileReference; lastKnownFileType = sourcecode.swift; path = KeyneezNetworkError.swift; sourceTree = "<group>"; };
		B145A06C2A4D7434003505B6 /* RequestSendable.swift */ = {isa = PBXFileReference; lastKnownFileType = sourcecode.swift; path = RequestSendable.swift; sourceTree = "<group>"; };
		B145A06E2A4D747F003505B6 /* OAuthRemoteManager.swift */ = {isa = PBXFileReference; lastKnownFileType = sourcecode.swift; path = OAuthRemoteManager.swift; sourceTree = "<group>"; };
		B145A0702A4D75AB003505B6 /* LoginResponseDTO.swift */ = {isa = PBXFileReference; lastKnownFileType = sourcecode.swift; path = LoginResponseDTO.swift; sourceTree = "<group>"; };
		B145A0722A4D77E1003505B6 /* UserDTO.swift */ = {isa = PBXFileReference; lastKnownFileType = sourcecode.swift; path = UserDTO.swift; sourceTree = "<group>"; };
		B145A0742A4D77FC003505B6 /* Token.swift */ = {isa = PBXFileReference; lastKnownFileType = sourcecode.swift; path = Token.swift; sourceTree = "<group>"; };
		B145A0762A4D7823003505B6 /* SignUpRequestDTO.swift */ = {isa = PBXFileReference; lastKnownFileType = sourcecode.swift; path = SignUpRequestDTO.swift; sourceTree = "<group>"; };
		B145A0782A4D7C79003505B6 /* KeychainManager.swift */ = {isa = PBXFileReference; lastKnownFileType = sourcecode.swift; path = KeychainManager.swift; sourceTree = "<group>"; };
		B145A07A2A4D7FD6003505B6 /* AuthInterceptor.swift */ = {isa = PBXFileReference; lastKnownFileType = sourcecode.swift; path = AuthInterceptor.swift; sourceTree = "<group>"; };
		B145A07C2A4D80F0003505B6 /* UserManager.swift */ = {isa = PBXFileReference; lastKnownFileType = sourcecode.swift; path = UserManager.swift; sourceTree = "<group>"; };
		B145A07F2A4D8384003505B6 /* RefreshResponseDTO.swift */ = {isa = PBXFileReference; lastKnownFileType = sourcecode.swift; path = RefreshResponseDTO.swift; sourceTree = "<group>"; };
		B145A0812A4D999F003505B6 /* GenericResponse.swift */ = {isa = PBXFileReference; lastKnownFileType = sourcecode.swift; path = GenericResponse.swift; sourceTree = "<group>"; };
		B145A0832A4D9C39003505B6 /* OAuthRepository.swift */ = {isa = PBXFileReference; lastKnownFileType = sourcecode.swift; path = OAuthRepository.swift; sourceTree = "<group>"; };
		B145A0852A4D9CD0003505B6 /* KakaoUserApi.swift */ = {isa = PBXFileReference; lastKnownFileType = sourcecode.swift; path = KakaoUserApi.swift; sourceTree = "<group>"; };
		B145A0872A4E006E003505B6 /* NetworkPluggin.swift */ = {isa = PBXFileReference; lastKnownFileType = sourcecode.swift; path = NetworkPluggin.swift; sourceTree = "<group>"; };
		B154804B2A63851800293289 /* Keyneez-iOS-Release.entitlements */ = {isa = PBXFileReference; lastKnownFileType = text.plist.entitlements; path = "Keyneez-iOS-Release.entitlements"; sourceTree = "<group>"; };
		B154804C2A6397EC00293289 /* AppleLoginManager.swift */ = {isa = PBXFileReference; lastKnownFileType = sourcecode.swift; path = AppleLoginManager.swift; sourceTree = "<group>"; };
		B154804F2A639D6600293289 /* RecommendCardViewCell.swift */ = {isa = PBXFileReference; fileEncoding = 4; lastKnownFileType = sourcecode.swift; path = RecommendCardViewCell.swift; sourceTree = "<group>"; };
		B15480502A639D6600293289 /* HomeCardViewCell.swift */ = {isa = PBXFileReference; fileEncoding = 4; lastKnownFileType = sourcecode.swift; path = HomeCardViewCell.swift; sourceTree = "<group>"; };
		B15480512A639D6600293289 /* ExploreCardViewCell.swift */ = {isa = PBXFileReference; fileEncoding = 4; lastKnownFileType = sourcecode.swift; path = ExploreCardViewCell.swift; sourceTree = "<group>"; };
		B15480522A639D6600293289 /* TagViewModifier.swift */ = {isa = PBXFileReference; fileEncoding = 4; lastKnownFileType = sourcecode.swift; path = TagViewModifier.swift; sourceTree = "<group>"; };
		B15480582A639D6E00293289 /* ButtonComponent.swift */ = {isa = PBXFileReference; fileEncoding = 4; lastKnownFileType = sourcecode.swift; path = ButtonComponent.swift; sourceTree = "<group>"; };
		B154805B2A639D8200293289 /* DetailView.swift */ = {isa = PBXFileReference; fileEncoding = 4; lastKnownFileType = sourcecode.swift; path = DetailView.swift; sourceTree = "<group>"; };
		B154805D2A639D8200293289 /* DetailView.swift */ = {isa = PBXFileReference; fileEncoding = 4; lastKnownFileType = sourcecode.swift; path = DetailView.swift; sourceTree = "<group>"; };
		B154805E2A639D8200293289 /* DetailTagView.swift */ = {isa = PBXFileReference; fileEncoding = 4; lastKnownFileType = sourcecode.swift; path = DetailTagView.swift; sourceTree = "<group>"; };
		B15480632A639D8B00293289 /* ExploreView.swift */ = {isa = PBXFileReference; fileEncoding = 4; lastKnownFileType = sourcecode.swift; path = ExploreView.swift; sourceTree = "<group>"; };
		B15480662A639D9200293289 /* LikeView.swift */ = {isa = PBXFileReference; fileEncoding = 4; lastKnownFileType = sourcecode.swift; path = LikeView.swift; sourceTree = "<group>"; };
		B15480692A639DA300293289 /* SettingPopUpView.swift */ = {isa = PBXFileReference; fileEncoding = 4; lastKnownFileType = sourcecode.swift; path = SettingPopUpView.swift; sourceTree = "<group>"; };
		B154806B2A639DA300293289 /* TermsView.swift */ = {isa = PBXFileReference; fileEncoding = 4; lastKnownFileType = sourcecode.swift; path = TermsView.swift; sourceTree = "<group>"; };
		B154806C2A639DA300293289 /* SettingView.swift */ = {isa = PBXFileReference; fileEncoding = 4; lastKnownFileType = sourcecode.swift; path = SettingView.swift; sourceTree = "<group>"; };
		B15480722A639DB300293289 /* HomeBackgroundView.swift */ = {isa = PBXFileReference; fileEncoding = 4; lastKnownFileType = sourcecode.swift; path = HomeBackgroundView.swift; sourceTree = "<group>"; };
		B15480732A639DB300293289 /* MainRecommendView.swift */ = {isa = PBXFileReference; fileEncoding = 4; lastKnownFileType = sourcecode.swift; path = MainRecommendView.swift; sourceTree = "<group>"; };
		B15480742A639DB300293289 /* GifImage.swift */ = {isa = PBXFileReference; fileEncoding = 4; lastKnownFileType = sourcecode.swift; path = GifImage.swift; sourceTree = "<group>"; };
		B15480752A639DB300293289 /* WeekRecommendCollectionView.swift */ = {isa = PBXFileReference; fileEncoding = 4; lastKnownFileType = sourcecode.swift; path = WeekRecommendCollectionView.swift; sourceTree = "<group>"; };
		B15480762A639DB300293289 /* JellyOpenBeforeHomeView.swift */ = {isa = PBXFileReference; fileEncoding = 4; lastKnownFileType = sourcecode.swift; path = JellyOpenBeforeHomeView.swift; sourceTree = "<group>"; };
		B15480772A639DB300293289 /* TabBarView.swift */ = {isa = PBXFileReference; fileEncoding = 4; lastKnownFileType = sourcecode.swift; path = TabBarView.swift; sourceTree = "<group>"; };
		B15480782A639DB300293289 /* JellyView.swift */ = {isa = PBXFileReference; fileEncoding = 4; lastKnownFileType = sourcecode.swift; path = JellyView.swift; sourceTree = "<group>"; };
		B15480792A639DB300293289 /* TipKitView.swift */ = {isa = PBXFileReference; fileEncoding = 4; lastKnownFileType = sourcecode.swift; path = TipKitView.swift; sourceTree = "<group>"; };
		B154807A2A639DB300293289 /* TeasingTabView.swift */ = {isa = PBXFileReference; fileEncoding = 4; lastKnownFileType = sourcecode.swift; path = TeasingTabView.swift; sourceTree = "<group>"; };
		B154807B2A639DB300293289 /* RecentUpdateDetailView.swift */ = {isa = PBXFileReference; fileEncoding = 4; lastKnownFileType = sourcecode.swift; path = RecentUpdateDetailView.swift; sourceTree = "<group>"; };
		B154807C2A639DB300293289 /* JellyGifImageView.swift */ = {isa = PBXFileReference; fileEncoding = 4; lastKnownFileType = sourcecode.swift; path = JellyGifImageView.swift; sourceTree = "<group>"; };
		B15480892A639E0600293289 /* DetailTagState.swift */ = {isa = PBXFileReference; fileEncoding = 4; lastKnownFileType = sourcecode.swift; path = DetailTagState.swift; sourceTree = "<group>"; };
		B154808A2A639E0600293289 /* DetailContentResponseDTO.swift */ = {isa = PBXFileReference; fileEncoding = 4; lastKnownFileType = sourcecode.swift; path = DetailContentResponseDTO.swift; sourceTree = "<group>"; };
		B154808E2A639E0B00293289 /* TermsViewState.swift */ = {isa = PBXFileReference; fileEncoding = 4; lastKnownFileType = sourcecode.swift; path = TermsViewState.swift; sourceTree = "<group>"; };
		B154808F2A639E0B00293289 /* SettingPopUpState.swift */ = {isa = PBXFileReference; fileEncoding = 4; lastKnownFileType = sourcecode.swift; path = SettingPopUpState.swift; sourceTree = "<group>"; };
		B15480922A639E2200293289 /* jelly_gif.gif */ = {isa = PBXFileReference; lastKnownFileType = image.gif; path = jelly_gif.gif; sourceTree = "<group>"; };
		B15480952A639E2200293289 /* Pretendard-Regular.otf */ = {isa = PBXFileReference; lastKnownFileType = file; path = "Pretendard-Regular.otf"; sourceTree = "<group>"; };
		B15480962A639E2200293289 /* Pretendard-Medium.otf */ = {isa = PBXFileReference; lastKnownFileType = file; path = "Pretendard-Medium.otf"; sourceTree = "<group>"; };
		B15480972A639E2200293289 /* Pretendard-Bold.otf */ = {isa = PBXFileReference; lastKnownFileType = file; path = "Pretendard-Bold.otf"; sourceTree = "<group>"; };
		B15480982A639E2200293289 /* Pretendard-SemiBold.otf */ = {isa = PBXFileReference; lastKnownFileType = file; path = "Pretendard-SemiBold.otf"; sourceTree = "<group>"; };
		B15480AE2A639E6B00293289 /* Color+Extension.swift */ = {isa = PBXFileReference; fileEncoding = 4; lastKnownFileType = sourcecode.swift; path = "Color+Extension.swift"; sourceTree = "<group>"; };
		B15480AF2A639E6B00293289 /* Number+Extension.swift */ = {isa = PBXFileReference; fileEncoding = 4; lastKnownFileType = sourcecode.swift; path = "Number+Extension.swift"; sourceTree = "<group>"; };
		B15480B02A639E6B00293289 /* Navigation+Extensions.swift */ = {isa = PBXFileReference; fileEncoding = 4; lastKnownFileType = sourcecode.swift; path = "Navigation+Extensions.swift"; sourceTree = "<group>"; };
		B15480B12A639E6B00293289 /* Font+Extension.swift */ = {isa = PBXFileReference; fileEncoding = 4; lastKnownFileType = sourcecode.swift; path = "Font+Extension.swift"; sourceTree = "<group>"; };
		B15480B22A639E6B00293289 /* AlertView.swift */ = {isa = PBXFileReference; fileEncoding = 4; lastKnownFileType = sourcecode.swift; path = AlertView.swift; sourceTree = "<group>"; };
		B15480B32A639E6B00293289 /* View+Extension.swift */ = {isa = PBXFileReference; fileEncoding = 4; lastKnownFileType = sourcecode.swift; path = "View+Extension.swift"; sourceTree = "<group>"; };
		B15480B42A639E6B00293289 /* View+Extensions.swift */ = {isa = PBXFileReference; fileEncoding = 4; lastKnownFileType = sourcecode.swift; path = "View+Extensions.swift"; sourceTree = "<group>"; };
		B15480B52A639E6B00293289 /* OSLog+Extension.swift */ = {isa = PBXFileReference; fileEncoding = 4; lastKnownFileType = sourcecode.swift; path = "OSLog+Extension.swift"; sourceTree = "<group>"; };
		B15480BF2A639E7D00293289 /* HomeViewModel.swift */ = {isa = PBXFileReference; fileEncoding = 4; lastKnownFileType = sourcecode.swift; path = HomeViewModel.swift; sourceTree = "<group>"; };
		B15480C22A639E7D00293289 /* DetailViewModel.swift */ = {isa = PBXFileReference; fileEncoding = 4; lastKnownFileType = sourcecode.swift; path = DetailViewModel.swift; sourceTree = "<group>"; };
		B15480C32A639E7D00293289 /* DetailAPI.swift */ = {isa = PBXFileReference; fileEncoding = 4; lastKnownFileType = sourcecode.swift; path = DetailAPI.swift; sourceTree = "<group>"; };
		B15480C62A639E7D00293289 /* CardViewModel.swift */ = {isa = PBXFileReference; fileEncoding = 4; lastKnownFileType = sourcecode.swift; path = CardViewModel.swift; sourceTree = "<group>"; };
		B15480CF2A639E8B00293289 /* SettingViewModel.swift */ = {isa = PBXFileReference; fileEncoding = 4; lastKnownFileType = sourcecode.swift; path = SettingViewModel.swift; sourceTree = "<group>"; };
		B16332EA2A3E9DAE00026A46 /* RecommendViewModel.swift */ = {isa = PBXFileReference; lastKnownFileType = sourcecode.swift; path = RecommendViewModel.swift; sourceTree = "<group>"; };
		B17227B92A6BCF95009A1FF9 /* ContentView.swift */ = {isa = PBXFileReference; lastKnownFileType = sourcecode.swift; path = ContentView.swift; sourceTree = "<group>"; };
		B17227BB2A6BD078009A1FF9 /* MainViewModel.swift */ = {isa = PBXFileReference; lastKnownFileType = sourcecode.swift; path = MainViewModel.swift; sourceTree = "<group>"; };
		B17227BD2A6BE161009A1FF9 /* roof1.gif */ = {isa = PBXFileReference; lastKnownFileType = image.gif; path = roof1.gif; sourceTree = "<group>"; };
/* End PBXFileReference section */

/* Begin PBXFrameworksBuildPhase section */
		029A34B72A1F49E600088963 /* Frameworks */ = {
			isa = PBXFrameworksBuildPhase;
			buildActionMask = 2147483647;
			files = (
				B145A0452A4B127D003505B6 /* KakaoSDKUser in Frameworks */,
				B145A0432A4B127D003505B6 /* KakaoSDKAuth in Frameworks */,
				B145A04D2A4BC162003505B6 /* Moya in Frameworks */,
			);
			runOnlyForDeploymentPostprocessing = 0;
		};
/* End PBXFrameworksBuildPhase section */

/* Begin PBXGroup section */
		023CF6782A8095A600F63642 /* Like */ = {
			isa = PBXGroup;
			children = (
				023CF6792A8095AE00F63642 /* LikeViewModel.swift */,
			);
			path = Like;
			sourceTree = "<group>";
		};
		029A34B12A1F49E600088963 = {
			isa = PBXGroup;
			children = (
				029A34BC2A1F49E600088963 /* Keyneez-iOS-Release */,
				029A34BB2A1F49E600088963 /* Products */,
			);
			sourceTree = "<group>";
		};
		029A34BB2A1F49E600088963 /* Products */ = {
			isa = PBXGroup;
			children = (
				029A34BA2A1F49E600088963 /* Keyneez-iOS-Release.app */,
			);
			name = Products;
			sourceTree = "<group>";
		};
		029A34BC2A1F49E600088963 /* Keyneez-iOS-Release */ = {
			isa = PBXGroup;
			children = (
				B154804B2A63851800293289 /* Keyneez-iOS-Release.entitlements */,
				B145A04E2A4BC1C9003505B6 /* Data */,
				B1200CF32A63A12B00A1310F /* Application */,
				B145A0462A4B1321003505B6 /* Info.plist */,
				029A34DF2A1F569400088963 /* Resource */,
				029A34DE2A1F563A00088963 /* Extensions */,
				029A34DD2A1F557500088963 /* Models */,
				029A34D92A1F553E00088963 /* ViewModel */,
				029A34CD2A1F51F300088963 /* View */,
				029A34C32A1F49E700088963 /* Preview Content */,
			);
			path = "Keyneez-iOS-Release";
			sourceTree = "<group>";
		};
		029A34C32A1F49E700088963 /* Preview Content */ = {
			isa = PBXGroup;
			children = (
				029A34C42A1F49E700088963 /* Preview Assets.xcassets */,
			);
			path = "Preview Content";
			sourceTree = "<group>";
		};
		029A34CD2A1F51F300088963 /* View */ = {
			isa = PBXGroup;
			children = (
				B15480712A639DB300293289 /* Home */,
				B15480682A639DA300293289 /* Setting */,
				B15480652A639D9200293289 /* Like */,
				B15480622A639D8B00293289 /* Explore */,
				B154805C2A639D8200293289 /* Detail */,
				B154805A2A639D8200293289 /* Details */,
				B15480572A639D6E00293289 /* Component */,
				B154804E2A639D6600293289 /* Card */,
				B125FBF52A2DB6480015E04B /* Recommend */,
				B125FBDB2A28323E0015E04B /* Auth */,
				029A34CE2A1F523F00088963 /* Landing */,
				B17227B92A6BCF95009A1FF9 /* ContentView.swift */,
				B17227BB2A6BD078009A1FF9 /* MainViewModel.swift */,
			);
			path = View;
			sourceTree = "<group>";
		};
		029A34CE2A1F523F00088963 /* Landing */ = {
			isa = PBXGroup;
			children = (
				B125FBDE2A2832890015E04B /* WelcomeView.swift */,
				B145A03E2A4ACD76003505B6 /* PageIndicator.swift */,
				B145A0472A4BBCCD003505B6 /* WelcomeViewModel.swift */,
			);
			path = Landing;
			sourceTree = "<group>";
		};
		029A34D92A1F553E00088963 /* ViewModel */ = {
			isa = PBXGroup;
			children = (
				023CF6782A8095A600F63642 /* Like */,
				02F20A302A7D1CBC001B884E /* Explore */,
				B15480CD2A639E8B00293289 /* Setting */,
				B15480C52A639E7D00293289 /* Card */,
				B15480C12A639E7D00293289 /* Detail */,
				B15480BE2A639E7D00293289 /* Home */,
				B125FBF32A29F4A40015E04B /* ViewModelable.swift */,
				B16332E92A3E9D9F00026A46 /* Recommend */,
				B125FBEA2A29D3920015E04B /* Auth */,
				029A34DC2A1F555100088963 /* Home */,
				029A34DB2A1F554B00088963 /* Landing */,
			);
			path = ViewModel;
			sourceTree = "<group>";
		};
		029A34DB2A1F554B00088963 /* Landing */ = {
			isa = PBXGroup;
			children = (
			);
			path = Landing;
			sourceTree = "<group>";
		};
		029A34DC2A1F555100088963 /* Home */ = {
			isa = PBXGroup;
			children = (
			);
			path = Home;
			sourceTree = "<group>";
		};
		029A34DD2A1F557500088963 /* Models */ = {
			isa = PBXGroup;
			children = (
				B154808D2A639E0B00293289 /* Setting */,
				B15480882A639E0600293289 /* Detail */,
				B145A0592A4BC95A003505B6 /* OAuth */,
				B145A0402A4B11D0003505B6 /* Auth */,
				B145A0812A4D999F003505B6 /* GenericResponse.swift */,
			);
			path = Models;
			sourceTree = "<group>";
		};
		029A34DE2A1F563A00088963 /* Extensions */ = {
			isa = PBXGroup;
			children = (
				B15480B22A639E6B00293289 /* AlertView.swift */,
				B15480AE2A639E6B00293289 /* Color+Extension.swift */,
				B15480B12A639E6B00293289 /* Font+Extension.swift */,
				B15480B02A639E6B00293289 /* Navigation+Extensions.swift */,
				B15480AF2A639E6B00293289 /* Number+Extension.swift */,
				B15480B52A639E6B00293289 /* OSLog+Extension.swift */,
				B15480B32A639E6B00293289 /* View+Extension.swift */,
				B15480B42A639E6B00293289 /* View+Extensions.swift */,
			);
			path = Extensions;
			sourceTree = "<group>";
		};
		029A34DF2A1F569400088963 /* Resource */ = {
			isa = PBXGroup;
			children = (
				B15480932A639E2200293289 /* Font */,
				B15480922A639E2200293289 /* jelly_gif.gif */,
				B17227BD2A6BE161009A1FF9 /* roof1.gif */,
				029A34C12A1F49E700088963 /* Assets.xcassets */,
			);
			path = Resource;
			sourceTree = "<group>";
		};
		02F20A302A7D1CBC001B884E /* Explore */ = {
			isa = PBXGroup;
			children = (
				02F20A312A7D1CC6001B884E /* ExploreViewModel.swift */,
			);
			path = Explore;
			sourceTree = "<group>";
		};
		B1200CF32A63A12B00A1310F /* Application */ = {
			isa = PBXGroup;
			children = (
				B1200CF42A63A12B00A1310F /* Keyneez_iOS_ReleaseApp.swift */,
			);
			path = Application;
			sourceTree = "<group>";
		};
		B125FBDB2A28323E0015E04B /* Auth */ = {
			isa = PBXGroup;
			children = (
				B125FBE02A2836170015E04B /* RegisterContainerView.swift */,
				B125FBE22A2837FA0015E04B /* RegisterIDView.swift */,
				B125FBE42A283C7A0015E04B /* NicknameState.swift */,
				B125FBE62A283E8D0015E04B /* RegisterConsentView.swift */,
				B125FBE82A28EEE70015E04B /* KeyneezButton.swift */,
				B125FBEF2A29EE8E0015E04B /* ConsentRow.swift */,
			);
			path = Auth;
			sourceTree = "<group>";
		};
		B125FBEA2A29D3920015E04B /* Auth */ = {
			isa = PBXGroup;
			children = (
				B125FBEB2A29D3A10015E04B /* RegisterIDViewModel.swift */,
				B125FBF12A29F3B50015E04B /* RegisterConsentViewModel.swift */,
			);
			path = Auth;
			sourceTree = "<group>";
		};
		B125FBF52A2DB6480015E04B /* Recommend */ = {
			isa = PBXGroup;
			children = (
				B125FBF62A2DB6620015E04B /* RecommendView.swift */,
				B125FBF82A2DBE310015E04B /* RecommendItem.swift */,
				B125FBFA2A2DC11B0015E04B /* RecommendCell.swift */,
				B125FBFE2A2DC5770015E04B /* TagView.swift */,
			);
			path = Recommend;
			sourceTree = "<group>";
		};
		B145A0402A4B11D0003505B6 /* Auth */ = {
			isa = PBXGroup;
			children = (
				B145A07E2A4D8376003505B6 /* ResponseDTO */,
				B145A05E2A4BD1C8003505B6 /* RequestDTO */,
				B145A03A2A4AB2EF003505B6 /* BirthDateState.swift */,
				B125FBED2A29D5570015E04B /* IDRegexMaker.swift */,
				B145A0382A4A9A9E003505B6 /* BirthRegexMaker.swift */,
				B145A03C2A4ABB14003505B6 /* Gender.swift */,
			);
			path = Auth;
			sourceTree = "<group>";
		};
		B145A04E2A4BC1C9003505B6 /* Data */ = {
			isa = PBXGroup;
			children = (
				B145A06B2A4D741E003505B6 /* Protocol */,
				B145A04F2A4BC1DE003505B6 /* Auth */,
				B145A0542A4BC375003505B6 /* APIEnvironment.swift */,
				B145A05A2A4BCF6A003505B6 /* Encodable+Extension.swift */,
				B145A05C2A4BD043003505B6 /* MoyaProvider+Extension.swift */,
				B145A0672A4D7214003505B6 /* Decoder.swift */,
				B145A0692A4D72C6003505B6 /* KeyneezNetworkError.swift */,
				B145A0872A4E006E003505B6 /* NetworkPluggin.swift */,
			);
			path = Data;
			sourceTree = "<group>";
		};
		B145A04F2A4BC1DE003505B6 /* Auth */ = {
			isa = PBXGroup;
			children = (
				B145A0502A4BC1F3003505B6 /* AuthAPI.swift */,
				B145A0522A4BC2C5003505B6 /* OAuthAPI.swift */,
				B145A0622A4D6975003505B6 /* AuthRemoteManager.swift */,
				B145A06E2A4D747F003505B6 /* OAuthRemoteManager.swift */,
				B145A0832A4D9C39003505B6 /* OAuthRepository.swift */,
				B145A0852A4D9CD0003505B6 /* KakaoUserApi.swift */,
				B145A0782A4D7C79003505B6 /* KeychainManager.swift */,
				B145A07A2A4D7FD6003505B6 /* AuthInterceptor.swift */,
				B145A07C2A4D80F0003505B6 /* UserManager.swift */,
				B154804C2A6397EC00293289 /* AppleLoginManager.swift */,
			);
			path = Auth;
			sourceTree = "<group>";
		};
		B145A0582A4BC94A003505B6 /* RequestDTO */ = {
			isa = PBXGroup;
			children = (
				B145A0562A4BC55B003505B6 /* KakaoSignUpRequestDTO.swift */,
				B145A0762A4D7823003505B6 /* SignUpRequestDTO.swift */,
			);
			path = RequestDTO;
			sourceTree = "<group>";
		};
		B145A0592A4BC95A003505B6 /* OAuth */ = {
			isa = PBXGroup;
			children = (
				B145A0642A4D71D4003505B6 /* ResponseDTO */,
				B145A0582A4BC94A003505B6 /* RequestDTO */,
			);
			path = OAuth;
			sourceTree = "<group>";
		};
		B145A05E2A4BD1C8003505B6 /* RequestDTO */ = {
			isa = PBXGroup;
			children = (
			);
			path = RequestDTO;
			sourceTree = "<group>";
		};
		B145A0642A4D71D4003505B6 /* ResponseDTO */ = {
			isa = PBXGroup;
			children = (
				B145A0652A4D71E3003505B6 /* LogoutResponseDTO.swift */,
				B145A0702A4D75AB003505B6 /* LoginResponseDTO.swift */,
				B145A0722A4D77E1003505B6 /* UserDTO.swift */,
				B145A0742A4D77FC003505B6 /* Token.swift */,
			);
			path = ResponseDTO;
			sourceTree = "<group>";
		};
		B145A06B2A4D741E003505B6 /* Protocol */ = {
			isa = PBXGroup;
			children = (
				B145A06C2A4D7434003505B6 /* RequestSendable.swift */,
			);
			path = Protocol;
			sourceTree = "<group>";
		};
		B145A07E2A4D8376003505B6 /* ResponseDTO */ = {
			isa = PBXGroup;
			children = (
				B145A07F2A4D8384003505B6 /* RefreshResponseDTO.swift */,
			);
			path = ResponseDTO;
			sourceTree = "<group>";
		};
		B154804E2A639D6600293289 /* Card */ = {
			isa = PBXGroup;
			children = (
				B154804F2A639D6600293289 /* RecommendCardViewCell.swift */,
				B15480502A639D6600293289 /* HomeCardViewCell.swift */,
				B15480512A639D6600293289 /* ExploreCardViewCell.swift */,
				B15480522A639D6600293289 /* TagViewModifier.swift */,
				023CF67B2A83D7D800F63642 /* CardItem.swift */,
			);
			path = Card;
			sourceTree = "<group>";
		};
		B15480572A639D6E00293289 /* Component */ = {
			isa = PBXGroup;
			children = (
				02F20A2A2A7D1AC3001B884E /* FilterTagComponent.swift */,
				B15480582A639D6E00293289 /* ButtonComponent.swift */,
			);
			path = Component;
			sourceTree = "<group>";
		};
		B154805A2A639D8200293289 /* Details */ = {
			isa = PBXGroup;
			children = (
				B154805B2A639D8200293289 /* DetailView.swift */,
			);
			path = Details;
			sourceTree = "<group>";
		};
		B154805C2A639D8200293289 /* Detail */ = {
			isa = PBXGroup;
			children = (
				B154805D2A639D8200293289 /* DetailView.swift */,
				B154805E2A639D8200293289 /* DetailTagView.swift */,
			);
			path = Detail;
			sourceTree = "<group>";
		};
		B15480622A639D8B00293289 /* Explore */ = {
			isa = PBXGroup;
			children = (
				B15480632A639D8B00293289 /* ExploreView.swift */,
				02F20A262A7D1A5A001B884E /* ExploreCellView.swift */,
				02F20A2C2A7D1AE0001B884E /* ExploreTabBarView.swift */,
				02F20A2E2A7D1B03001B884E /* ExploreSearchView.swift */,
			);
			path = Explore;
			sourceTree = "<group>";
		};
		B15480652A639D9200293289 /* Like */ = {
			isa = PBXGroup;
			children = (
				B15480662A639D9200293289 /* LikeView.swift */,
				023CF6742A80916100F63642 /* LikeCell.swift */,
				023CF6762A80929700F63642 /* LikeEditView.swift */,
			);
			path = Like;
			sourceTree = "<group>";
		};
		B15480682A639DA300293289 /* Setting */ = {
			isa = PBXGroup;
			children = (
				B15480692A639DA300293289 /* SettingPopUpView.swift */,
				B154806B2A639DA300293289 /* TermsView.swift */,
				B154806C2A639DA300293289 /* SettingView.swift */,
			);
			path = Setting;
			sourceTree = "<group>";
		};
		B15480712A639DB300293289 /* Home */ = {
			isa = PBXGroup;
			children = (
				B15480722A639DB300293289 /* HomeBackgroundView.swift */,
				B15480732A639DB300293289 /* MainRecommendView.swift */,
				B15480742A639DB300293289 /* GifImage.swift */,
				B15480752A639DB300293289 /* WeekRecommendCollectionView.swift */,
				B15480762A639DB300293289 /* JellyOpenBeforeHomeView.swift */,
				B15480772A639DB300293289 /* TabBarView.swift */,
				B15480782A639DB300293289 /* JellyView.swift */,
				B15480792A639DB300293289 /* TipKitView.swift */,
				B154807A2A639DB300293289 /* TeasingTabView.swift */,
				B154807B2A639DB300293289 /* RecentUpdateDetailView.swift */,
				B154807C2A639DB300293289 /* JellyGifImageView.swift */,
			);
			path = Home;
			sourceTree = "<group>";
		};
		B15480882A639E0600293289 /* Detail */ = {
			isa = PBXGroup;
			children = (
				B15480892A639E0600293289 /* DetailTagState.swift */,
				B154808A2A639E0600293289 /* DetailContentResponseDTO.swift */,
			);
			path = Detail;
			sourceTree = "<group>";
		};
		B154808D2A639E0B00293289 /* Setting */ = {
			isa = PBXGroup;
			children = (
				B154808E2A639E0B00293289 /* TermsViewState.swift */,
				B154808F2A639E0B00293289 /* SettingPopUpState.swift */,
			);
			path = Setting;
			sourceTree = "<group>";
		};
		B15480932A639E2200293289 /* Font */ = {
			isa = PBXGroup;
			children = (
				B15480942A639E2200293289 /* Files */,
			);
			path = Font;
			sourceTree = "<group>";
		};
		B15480942A639E2200293289 /* Files */ = {
			isa = PBXGroup;
			children = (
				B15480952A639E2200293289 /* Pretendard-Regular.otf */,
				B15480962A639E2200293289 /* Pretendard-Medium.otf */,
				B15480972A639E2200293289 /* Pretendard-Bold.otf */,
				B15480982A639E2200293289 /* Pretendard-SemiBold.otf */,
			);
			path = Files;
			sourceTree = "<group>";
		};
		B15480BE2A639E7D00293289 /* Home */ = {
			isa = PBXGroup;
			children = (
				B15480BF2A639E7D00293289 /* HomeViewModel.swift */,
			);
			path = Home;
			sourceTree = "<group>";
		};
		B15480C12A639E7D00293289 /* Detail */ = {
			isa = PBXGroup;
			children = (
				B15480C22A639E7D00293289 /* DetailViewModel.swift */,
				B15480C32A639E7D00293289 /* DetailAPI.swift */,
			);
			path = Detail;
			sourceTree = "<group>";
		};
		B15480C52A639E7D00293289 /* Card */ = {
			isa = PBXGroup;
			children = (
				B15480C62A639E7D00293289 /* CardViewModel.swift */,
			);
			path = Card;
			sourceTree = "<group>";
		};
		B15480CD2A639E8B00293289 /* Setting */ = {
			isa = PBXGroup;
			children = (
				B15480CF2A639E8B00293289 /* SettingViewModel.swift */,
			);
			path = Setting;
			sourceTree = "<group>";
		};
		B16332E92A3E9D9F00026A46 /* Recommend */ = {
			isa = PBXGroup;
			children = (
				B16332EA2A3E9DAE00026A46 /* RecommendViewModel.swift */,
			);
			path = Recommend;
			sourceTree = "<group>";
		};
/* End PBXGroup section */

/* Begin PBXNativeTarget section */
		029A34B92A1F49E600088963 /* Keyneez-iOS-Release */ = {
			isa = PBXNativeTarget;
			buildConfigurationList = 029A34C82A1F49E700088963 /* Build configuration list for PBXNativeTarget "Keyneez-iOS-Release" */;
			buildPhases = (
				029A34B62A1F49E600088963 /* Sources */,
				029A34B72A1F49E600088963 /* Frameworks */,
				029A34B82A1F49E600088963 /* Resources */,
			);
			buildRules = (
			);
			dependencies = (
			);
			name = "Keyneez-iOS-Release";
			packageProductDependencies = (
				B145A0422A4B127D003505B6 /* KakaoSDKAuth */,
				B145A0442A4B127D003505B6 /* KakaoSDKUser */,
				B145A04C2A4BC162003505B6 /* Moya */,
			);
			productName = "Keyneez-iOS-Release";
			productReference = 029A34BA2A1F49E600088963 /* Keyneez-iOS-Release.app */;
			productType = "com.apple.product-type.application";
		};
/* End PBXNativeTarget section */

/* Begin PBXProject section */
		029A34B22A1F49E600088963 /* Project object */ = {
			isa = PBXProject;
			attributes = {
				BuildIndependentTargetsInParallel = 1;
				LastSwiftUpdateCheck = 1430;
				LastUpgradeCheck = 1430;
				TargetAttributes = {
					029A34B92A1F49E600088963 = {
						CreatedOnToolsVersion = 14.3;
					};
				};
			};
			buildConfigurationList = 029A34B52A1F49E600088963 /* Build configuration list for PBXProject "Keyneez-iOS-Release" */;
			compatibilityVersion = "Xcode 14.0";
			developmentRegion = en;
			hasScannedForEncodings = 0;
			knownRegions = (
				en,
				Base,
			);
			mainGroup = 029A34B12A1F49E600088963;
			packageReferences = (
				B145A0412A4B127D003505B6 /* XCRemoteSwiftPackageReference "kakao-ios-sdk" */,
				B145A04B2A4BC162003505B6 /* XCRemoteSwiftPackageReference "Moya" */,
			);
			productRefGroup = 029A34BB2A1F49E600088963 /* Products */;
			projectDirPath = "";
			projectRoot = "";
			targets = (
				029A34B92A1F49E600088963 /* Keyneez-iOS-Release */,
			);
		};
/* End PBXProject section */

/* Begin PBXResourcesBuildPhase section */
		029A34B82A1F49E600088963 /* Resources */ = {
			isa = PBXResourcesBuildPhase;
			buildActionMask = 2147483647;
			files = (
				029A34C52A1F49E700088963 /* Preview Assets.xcassets in Resources */,
				B154809C2A639E2200293289 /* Pretendard-Bold.otf in Resources */,
				B154809D2A639E2200293289 /* Pretendard-SemiBold.otf in Resources */,
				B154809A2A639E2200293289 /* Pretendard-Regular.otf in Resources */,
				B17227BE2A6BE161009A1FF9 /* roof1.gif in Resources */,
				B15480992A639E2200293289 /* jelly_gif.gif in Resources */,
				029A34C22A1F49E700088963 /* Assets.xcassets in Resources */,
				B154809B2A639E2200293289 /* Pretendard-Medium.otf in Resources */,
			);
			runOnlyForDeploymentPostprocessing = 0;
		};
/* End PBXResourcesBuildPhase section */

/* Begin PBXSourcesBuildPhase section */
		029A34B62A1F49E600088963 /* Sources */ = {
			isa = PBXSourcesBuildPhase;
			buildActionMask = 2147483647;
			files = (
				B145A03B2A4AB2EF003505B6 /* BirthDateState.swift in Sources */,
				B145A0842A4D9C39003505B6 /* OAuthRepository.swift in Sources */,
				B125FBE12A2836170015E04B /* RegisterContainerView.swift in Sources */,
				B154807D2A639DB300293289 /* HomeBackgroundView.swift in Sources */,
				B15480612A639D8200293289 /* DetailTagView.swift in Sources */,
				B15480902A639E0B00293289 /* TermsViewState.swift in Sources */,
				B15480702A639DA300293289 /* SettingView.swift in Sources */,
				B154808B2A639E0700293289 /* DetailTagState.swift in Sources */,
				B15480532A639D6600293289 /* RecommendCardViewCell.swift in Sources */,
				B15480912A639E0B00293289 /* SettingPopUpState.swift in Sources */,
				B145A06F2A4D747F003505B6 /* OAuthRemoteManager.swift in Sources */,
				B15480822A639DB300293289 /* TabBarView.swift in Sources */,
				B145A06D2A4D7434003505B6 /* RequestSendable.swift in Sources */,
				B15480672A639D9200293289 /* LikeView.swift in Sources */,
				B154807E2A639DB300293289 /* MainRecommendView.swift in Sources */,
				B154806F2A639DA300293289 /* TermsView.swift in Sources */,
				02F20A2B2A7D1AC3001B884E /* FilterTagComponent.swift in Sources */,
				B125FBEC2A29D3A10015E04B /* RegisterIDViewModel.swift in Sources */,
				B1200CF52A63A12B00A1310F /* Keyneez_iOS_ReleaseApp.swift in Sources */,
				B15480BB2A639E6B00293289 /* View+Extension.swift in Sources */,
				B15480BC2A639E6B00293289 /* View+Extensions.swift in Sources */,
				B15480562A639D6600293289 /* TagViewModifier.swift in Sources */,
				B15480CC2A639E7D00293289 /* CardViewModel.swift in Sources */,
				B15480832A639DB300293289 /* JellyView.swift in Sources */,
				B15480D12A639E8B00293289 /* SettingViewModel.swift in Sources */,
				B154804D2A6397EC00293289 /* AppleLoginManager.swift in Sources */,
				B145A0712A4D75AB003505B6 /* LoginResponseDTO.swift in Sources */,
				B154805F2A639D8200293289 /* DetailView.swift in Sources */,
				B145A07B2A4D7FD6003505B6 /* AuthInterceptor.swift in Sources */,
				B145A0532A4BC2C5003505B6 /* OAuthAPI.swift in Sources */,
				B125FBEE2A29D5570015E04B /* IDRegexMaker.swift in Sources */,
				B145A03F2A4ACD76003505B6 /* PageIndicator.swift in Sources */,
				02F20A322A7D1CC6001B884E /* ExploreViewModel.swift in Sources */,
				B16332EB2A3E9DAE00026A46 /* RecommendViewModel.swift in Sources */,
				B125FBF22A29F3B50015E04B /* RegisterConsentViewModel.swift in Sources */,
				023CF6752A80916100F63642 /* LikeCell.swift in Sources */,
				B125FBF02A29EE8E0015E04B /* ConsentRow.swift in Sources */,
				B145A0632A4D6975003505B6 /* AuthRemoteManager.swift in Sources */,
				B17227BC2A6BD078009A1FF9 /* MainViewModel.swift in Sources */,
				B145A05D2A4BD043003505B6 /* MoyaProvider+Extension.swift in Sources */,
				B145A07D2A4D80F0003505B6 /* UserManager.swift in Sources */,
				B17227BA2A6BCF95009A1FF9 /* ContentView.swift in Sources */,
				B15480862A639DB300293289 /* RecentUpdateDetailView.swift in Sources */,
				B15480592A639D6E00293289 /* ButtonComponent.swift in Sources */,
				B125FBE92A28EEE70015E04B /* KeyneezButton.swift in Sources */,
				B15480642A639D8B00293289 /* ExploreView.swift in Sources */,
				B145A0482A4BBCCD003505B6 /* WelcomeViewModel.swift in Sources */,
				B145A0822A4D999F003505B6 /* GenericResponse.swift in Sources */,
				B125FBE32A2837FA0015E04B /* RegisterIDView.swift in Sources */,
				B15480802A639DB300293289 /* WeekRecommendCollectionView.swift in Sources */,
				B15480B72A639E6B00293289 /* Number+Extension.swift in Sources */,
				023CF6772A80929700F63642 /* LikeEditView.swift in Sources */,
				B15480C92A639E7D00293289 /* DetailViewModel.swift in Sources */,
				B125FBFB2A2DC11B0015E04B /* RecommendCell.swift in Sources */,
				B145A0752A4D77FC003505B6 /* Token.swift in Sources */,
				B145A0882A4E006E003505B6 /* NetworkPluggin.swift in Sources */,
				B15480B92A639E6B00293289 /* Font+Extension.swift in Sources */,
				B15480872A639DB300293289 /* JellyGifImageView.swift in Sources */,
				B145A03D2A4ABB14003505B6 /* Gender.swift in Sources */,
				B145A0552A4BC375003505B6 /* APIEnvironment.swift in Sources */,
				02F20A2F2A7D1B03001B884E /* ExploreSearchView.swift in Sources */,
				B145A0512A4BC1F3003505B6 /* AuthAPI.swift in Sources */,
				B154808C2A639E0700293289 /* DetailContentResponseDTO.swift in Sources */,
				B145A0572A4BC55B003505B6 /* KakaoSignUpRequestDTO.swift in Sources */,
				B145A0802A4D8384003505B6 /* RefreshResponseDTO.swift in Sources */,
				B154806D2A639DA300293289 /* SettingPopUpView.swift in Sources */,
				B125FBE52A283C7A0015E04B /* NicknameState.swift in Sources */,
				B15480BA2A639E6B00293289 /* AlertView.swift in Sources */,
				B15480812A639DB300293289 /* JellyOpenBeforeHomeView.swift in Sources */,
				02F20A2D2A7D1AE0001B884E /* ExploreTabBarView.swift in Sources */,
				B15480BD2A639E6B00293289 /* OSLog+Extension.swift in Sources */,
				B154807F2A639DB300293289 /* GifImage.swift in Sources */,
				B125FBDF2A2832890015E04B /* WelcomeView.swift in Sources */,
				B145A0792A4D7C79003505B6 /* KeychainManager.swift in Sources */,
				B145A06A2A4D72C6003505B6 /* KeyneezNetworkError.swift in Sources */,
				B15480CA2A639E7D00293289 /* DetailAPI.swift in Sources */,
				B145A0662A4D71E3003505B6 /* LogoutResponseDTO.swift in Sources */,
				B145A05B2A4BCF6A003505B6 /* Encodable+Extension.swift in Sources */,
				B15480552A639D6600293289 /* ExploreCardViewCell.swift in Sources */,
				B15480C72A639E7D00293289 /* HomeViewModel.swift in Sources */,
				B15480B82A639E6B00293289 /* Navigation+Extensions.swift in Sources */,
				B125FBE72A283E8D0015E04B /* RegisterConsentView.swift in Sources */,
				B125FBF42A29F4A40015E04B /* ViewModelable.swift in Sources */,
				B15480B62A639E6B00293289 /* Color+Extension.swift in Sources */,
				B145A0772A4D7823003505B6 /* SignUpRequestDTO.swift in Sources */,
				B15480542A639D6600293289 /* HomeCardViewCell.swift in Sources */,
				B145A0682A4D7214003505B6 /* Decoder.swift in Sources */,
				B145A0392A4A9A9E003505B6 /* BirthRegexMaker.swift in Sources */,
				B15480852A639DB300293289 /* TeasingTabView.swift in Sources */,
				B15480842A639DB300293289 /* TipKitView.swift in Sources */,
				B125FBF72A2DB6620015E04B /* RecommendView.swift in Sources */,
				B125FBF92A2DBE310015E04B /* RecommendItem.swift in Sources */,
				B145A0732A4D77E1003505B6 /* UserDTO.swift in Sources */,
				B125FBFF2A2DC5770015E04B /* TagView.swift in Sources */,
				B145A0862A4D9CD0003505B6 /* KakaoUserApi.swift in Sources */,
				023CF67A2A8095AE00F63642 /* LikeViewModel.swift in Sources */,
				023CF67C2A83D7D800F63642 /* CardItem.swift in Sources */,
				02F20A272A7D1A5A001B884E /* ExploreCellView.swift in Sources */,
			);
			runOnlyForDeploymentPostprocessing = 0;
		};
/* End PBXSourcesBuildPhase section */

/* Begin XCBuildConfiguration section */
		029A34C62A1F49E700088963 /* Debug */ = {
			isa = XCBuildConfiguration;
			buildSettings = {
				ALWAYS_SEARCH_USER_PATHS = NO;
				CLANG_ANALYZER_NONNULL = YES;
				CLANG_ANALYZER_NUMBER_OBJECT_CONVERSION = YES_AGGRESSIVE;
				CLANG_CXX_LANGUAGE_STANDARD = "gnu++20";
				CLANG_ENABLE_MODULES = YES;
				CLANG_ENABLE_OBJC_ARC = YES;
				CLANG_ENABLE_OBJC_WEAK = YES;
				CLANG_WARN_BLOCK_CAPTURE_AUTORELEASING = YES;
				CLANG_WARN_BOOL_CONVERSION = YES;
				CLANG_WARN_COMMA = YES;
				CLANG_WARN_CONSTANT_CONVERSION = YES;
				CLANG_WARN_DEPRECATED_OBJC_IMPLEMENTATIONS = YES;
				CLANG_WARN_DIRECT_OBJC_ISA_USAGE = YES_ERROR;
				CLANG_WARN_DOCUMENTATION_COMMENTS = YES;
				CLANG_WARN_EMPTY_BODY = YES;
				CLANG_WARN_ENUM_CONVERSION = YES;
				CLANG_WARN_INFINITE_RECURSION = YES;
				CLANG_WARN_INT_CONVERSION = YES;
				CLANG_WARN_NON_LITERAL_NULL_CONVERSION = YES;
				CLANG_WARN_OBJC_IMPLICIT_RETAIN_SELF = YES;
				CLANG_WARN_OBJC_LITERAL_CONVERSION = YES;
				CLANG_WARN_OBJC_ROOT_CLASS = YES_ERROR;
				CLANG_WARN_QUOTED_INCLUDE_IN_FRAMEWORK_HEADER = YES;
				CLANG_WARN_RANGE_LOOP_ANALYSIS = YES;
				CLANG_WARN_STRICT_PROTOTYPES = YES;
				CLANG_WARN_SUSPICIOUS_MOVE = YES;
				CLANG_WARN_UNGUARDED_AVAILABILITY = YES_AGGRESSIVE;
				CLANG_WARN_UNREACHABLE_CODE = YES;
				CLANG_WARN__DUPLICATE_METHOD_MATCH = YES;
				COPY_PHASE_STRIP = NO;
				DEBUG_INFORMATION_FORMAT = dwarf;
				ENABLE_STRICT_OBJC_MSGSEND = YES;
				ENABLE_TESTABILITY = YES;
				GCC_C_LANGUAGE_STANDARD = gnu11;
				GCC_DYNAMIC_NO_PIC = NO;
				GCC_NO_COMMON_BLOCKS = YES;
				GCC_OPTIMIZATION_LEVEL = 0;
				GCC_PREPROCESSOR_DEFINITIONS = (
					"DEBUG=1",
					"$(inherited)",
				);
				GCC_WARN_64_TO_32_BIT_CONVERSION = YES;
				GCC_WARN_ABOUT_RETURN_TYPE = YES_ERROR;
				GCC_WARN_UNDECLARED_SELECTOR = YES;
				GCC_WARN_UNINITIALIZED_AUTOS = YES_AGGRESSIVE;
				GCC_WARN_UNUSED_FUNCTION = YES;
				GCC_WARN_UNUSED_VARIABLE = YES;
				IPHONEOS_DEPLOYMENT_TARGET = 16.4;
				MTL_ENABLE_DEBUG_INFO = INCLUDE_SOURCE;
				MTL_FAST_MATH = YES;
				ONLY_ACTIVE_ARCH = YES;
				SDKROOT = iphoneos;
				SWIFT_ACTIVE_COMPILATION_CONDITIONS = DEBUG;
				SWIFT_OPTIMIZATION_LEVEL = "-Onone";
			};
			name = Debug;
		};
		029A34C72A1F49E700088963 /* Release */ = {
			isa = XCBuildConfiguration;
			buildSettings = {
				ALWAYS_SEARCH_USER_PATHS = NO;
				CLANG_ANALYZER_NONNULL = YES;
				CLANG_ANALYZER_NUMBER_OBJECT_CONVERSION = YES_AGGRESSIVE;
				CLANG_CXX_LANGUAGE_STANDARD = "gnu++20";
				CLANG_ENABLE_MODULES = YES;
				CLANG_ENABLE_OBJC_ARC = YES;
				CLANG_ENABLE_OBJC_WEAK = YES;
				CLANG_WARN_BLOCK_CAPTURE_AUTORELEASING = YES;
				CLANG_WARN_BOOL_CONVERSION = YES;
				CLANG_WARN_COMMA = YES;
				CLANG_WARN_CONSTANT_CONVERSION = YES;
				CLANG_WARN_DEPRECATED_OBJC_IMPLEMENTATIONS = YES;
				CLANG_WARN_DIRECT_OBJC_ISA_USAGE = YES_ERROR;
				CLANG_WARN_DOCUMENTATION_COMMENTS = YES;
				CLANG_WARN_EMPTY_BODY = YES;
				CLANG_WARN_ENUM_CONVERSION = YES;
				CLANG_WARN_INFINITE_RECURSION = YES;
				CLANG_WARN_INT_CONVERSION = YES;
				CLANG_WARN_NON_LITERAL_NULL_CONVERSION = YES;
				CLANG_WARN_OBJC_IMPLICIT_RETAIN_SELF = YES;
				CLANG_WARN_OBJC_LITERAL_CONVERSION = YES;
				CLANG_WARN_OBJC_ROOT_CLASS = YES_ERROR;
				CLANG_WARN_QUOTED_INCLUDE_IN_FRAMEWORK_HEADER = YES;
				CLANG_WARN_RANGE_LOOP_ANALYSIS = YES;
				CLANG_WARN_STRICT_PROTOTYPES = YES;
				CLANG_WARN_SUSPICIOUS_MOVE = YES;
				CLANG_WARN_UNGUARDED_AVAILABILITY = YES_AGGRESSIVE;
				CLANG_WARN_UNREACHABLE_CODE = YES;
				CLANG_WARN__DUPLICATE_METHOD_MATCH = YES;
				COPY_PHASE_STRIP = NO;
				DEBUG_INFORMATION_FORMAT = "dwarf-with-dsym";
				ENABLE_NS_ASSERTIONS = NO;
				ENABLE_STRICT_OBJC_MSGSEND = YES;
				GCC_C_LANGUAGE_STANDARD = gnu11;
				GCC_NO_COMMON_BLOCKS = YES;
				GCC_WARN_64_TO_32_BIT_CONVERSION = YES;
				GCC_WARN_ABOUT_RETURN_TYPE = YES_ERROR;
				GCC_WARN_UNDECLARED_SELECTOR = YES;
				GCC_WARN_UNINITIALIZED_AUTOS = YES_AGGRESSIVE;
				GCC_WARN_UNUSED_FUNCTION = YES;
				GCC_WARN_UNUSED_VARIABLE = YES;
				IPHONEOS_DEPLOYMENT_TARGET = 16.4;
				MTL_ENABLE_DEBUG_INFO = NO;
				MTL_FAST_MATH = YES;
				SDKROOT = iphoneos;
				SWIFT_COMPILATION_MODE = wholemodule;
				SWIFT_OPTIMIZATION_LEVEL = "-O";
				VALIDATE_PRODUCT = YES;
			};
			name = Release;
		};
		029A34C92A1F49E700088963 /* Debug */ = {
			isa = XCBuildConfiguration;
			buildSettings = {
				ASSETCATALOG_COMPILER_APPICON_NAME = AppIcon;
				ASSETCATALOG_COMPILER_GLOBAL_ACCENT_COLOR_NAME = AccentColor;
				CODE_SIGN_ENTITLEMENTS = "Keyneez-iOS-Release/Keyneez-iOS-Release.entitlements";
				CODE_SIGN_IDENTITY = "Apple Development";
				CODE_SIGN_STYLE = Automatic;
				CURRENT_PROJECT_VERSION = 1;
				DEVELOPMENT_ASSET_PATHS = "\"Keyneez-iOS-Release/Preview Content\"";
				DEVELOPMENT_TEAM = 2QWMDJG53V;
				ENABLE_PREVIEWS = YES;
				GENERATE_INFOPLIST_FILE = YES;
				INFOPLIST_FILE = "Keyneez-iOS-Release/Info.plist";
				INFOPLIST_KEY_UIApplicationSceneManifest_Generation = YES;
				INFOPLIST_KEY_UIApplicationSupportsIndirectInputEvents = YES;
				INFOPLIST_KEY_UILaunchScreen_Generation = YES;
				INFOPLIST_KEY_UISupportedInterfaceOrientations_iPad = "UIInterfaceOrientationPortrait UIInterfaceOrientationPortraitUpsideDown UIInterfaceOrientationLandscapeLeft UIInterfaceOrientationLandscapeRight";
				INFOPLIST_KEY_UISupportedInterfaceOrientations_iPhone = "UIInterfaceOrientationPortrait UIInterfaceOrientationLandscapeLeft UIInterfaceOrientationLandscapeRight";
				INFOPLIST_KEY_UIUserInterfaceStyle = Light;
				LD_RUNPATH_SEARCH_PATHS = (
					"$(inherited)",
					"@executable_path/Frameworks",
				);
				MARKETING_VERSION = 1.0;
				PRODUCT_BUNDLE_IDENTIFIER = "wonni.Keyneez-iOS-Release";
				PRODUCT_NAME = "$(TARGET_NAME)";
				PROVISIONING_PROFILE_SPECIFIER = "";
				SWIFT_EMIT_LOC_STRINGS = YES;
				SWIFT_VERSION = 5.0;
				TARGETED_DEVICE_FAMILY = "1,2";
			};
			name = Debug;
		};
		029A34CA2A1F49E700088963 /* Release */ = {
			isa = XCBuildConfiguration;
			buildSettings = {
				ASSETCATALOG_COMPILER_APPICON_NAME = AppIcon;
				ASSETCATALOG_COMPILER_GLOBAL_ACCENT_COLOR_NAME = AccentColor;
				CODE_SIGN_ENTITLEMENTS = "Keyneez-iOS-Release/Keyneez-iOS-Release.entitlements";
				CODE_SIGN_IDENTITY = "Apple Development";
				CODE_SIGN_STYLE = Automatic;
				CURRENT_PROJECT_VERSION = 1;
				DEVELOPMENT_ASSET_PATHS = "\"Keyneez-iOS-Release/Preview Content\"";
				DEVELOPMENT_TEAM = "";
				ENABLE_PREVIEWS = YES;
				GENERATE_INFOPLIST_FILE = YES;
				INFOPLIST_FILE = "Keyneez-iOS-Release/Info.plist";
				INFOPLIST_KEY_UIApplicationSceneManifest_Generation = YES;
				INFOPLIST_KEY_UIApplicationSupportsIndirectInputEvents = YES;
				INFOPLIST_KEY_UILaunchScreen_Generation = YES;
				INFOPLIST_KEY_UISupportedInterfaceOrientations_iPad = "UIInterfaceOrientationPortrait UIInterfaceOrientationPortraitUpsideDown UIInterfaceOrientationLandscapeLeft UIInterfaceOrientationLandscapeRight";
				INFOPLIST_KEY_UISupportedInterfaceOrientations_iPhone = "UIInterfaceOrientationPortrait UIInterfaceOrientationLandscapeLeft UIInterfaceOrientationLandscapeRight";
				INFOPLIST_KEY_UIUserInterfaceStyle = Light;
				LD_RUNPATH_SEARCH_PATHS = (
					"$(inherited)",
					"@executable_path/Frameworks",
				);
				MARKETING_VERSION = 1.0;
				PRODUCT_BUNDLE_IDENTIFIER = "wonni.Keyneez-iOS-Release";
				PRODUCT_NAME = "$(TARGET_NAME)";
				PROVISIONING_PROFILE_SPECIFIER = "";
				SWIFT_EMIT_LOC_STRINGS = YES;
				SWIFT_VERSION = 5.0;
				TARGETED_DEVICE_FAMILY = "1,2";
			};
			name = Release;
		};
/* End XCBuildConfiguration section */

/* Begin XCConfigurationList section */
		029A34B52A1F49E600088963 /* Build configuration list for PBXProject "Keyneez-iOS-Release" */ = {
			isa = XCConfigurationList;
			buildConfigurations = (
				029A34C62A1F49E700088963 /* Debug */,
				029A34C72A1F49E700088963 /* Release */,
			);
			defaultConfigurationIsVisible = 0;
			defaultConfigurationName = Release;
		};
		029A34C82A1F49E700088963 /* Build configuration list for PBXNativeTarget "Keyneez-iOS-Release" */ = {
			isa = XCConfigurationList;
			buildConfigurations = (
				029A34C92A1F49E700088963 /* Debug */,
				029A34CA2A1F49E700088963 /* Release */,
			);
			defaultConfigurationIsVisible = 0;
			defaultConfigurationName = Release;
		};
/* End XCConfigurationList section */

/* Begin XCRemoteSwiftPackageReference section */
		B145A0412A4B127D003505B6 /* XCRemoteSwiftPackageReference "kakao-ios-sdk" */ = {
			isa = XCRemoteSwiftPackageReference;
			repositoryURL = "https://github.com/kakao/kakao-ios-sdk";
			requirement = {
				branch = master;
				kind = branch;
			};
		};
		B145A04B2A4BC162003505B6 /* XCRemoteSwiftPackageReference "Moya" */ = {
			isa = XCRemoteSwiftPackageReference;
			repositoryURL = "https://github.com/Moya/Moya.git";
			requirement = {
				kind = upToNextMajorVersion;
				minimumVersion = 15.0.0;
			};
		};
/* End XCRemoteSwiftPackageReference section */

/* Begin XCSwiftPackageProductDependency section */
		B145A0422A4B127D003505B6 /* KakaoSDKAuth */ = {
			isa = XCSwiftPackageProductDependency;
			package = B145A0412A4B127D003505B6 /* XCRemoteSwiftPackageReference "kakao-ios-sdk" */;
			productName = KakaoSDKAuth;
		};
		B145A0442A4B127D003505B6 /* KakaoSDKUser */ = {
			isa = XCSwiftPackageProductDependency;
			package = B145A0412A4B127D003505B6 /* XCRemoteSwiftPackageReference "kakao-ios-sdk" */;
			productName = KakaoSDKUser;
		};
		B145A04C2A4BC162003505B6 /* Moya */ = {
			isa = XCSwiftPackageProductDependency;
			package = B145A04B2A4BC162003505B6 /* XCRemoteSwiftPackageReference "Moya" */;
			productName = Moya;
		};
/* End XCSwiftPackageProductDependency section */
	};
	rootObject = 029A34B22A1F49E600088963 /* Project object */;
}
